
Microsoft Visual Studio Solution File, Format Version 12.00
# Visual Studio Version 17
VisualStudioVersion = 17.2.32630.192
MinimumVisualStudioVersion = 10.0.40219.1
Project("{FAE04EC0-301F-11D3-BF4B-00C04F79EFBC}") = "PersonsInfo", "PersonsInfo\PersonsInfo.csproj", "{4A198F9D-B08B-47FE-9479-1E011D6E10D7}"
EndProject
Global
	GlobalSection(SolutionConfigurationPlatforms) = preSolution
		Debug|Any CPU = Debug|Any CPU
		Release|Any CPU = Release|Any CPU
	EndGlobalSection
	GlobalSection(ProjectConfigurationPlatforms) = postSolution
		{4A198F9D-B08B-47FE-9479-1E011D6E10D7}.Debug|Any CPU.ActiveCfg = Debug|Any CPU
		{4A198F9D-B08B-47FE-9479-1E011D6E10D7}.Debug|Any CPU.Build.0 = Debug|Any CPU
		{4A198F9D-B08B-47FE-9479-1E011D6E10D7}.Release|Any CPU.ActiveCfg = Release|Any CPU
		{4A198F9D-B08B-47FE-9479-1E011D6E10D7}.Release|Any CPU.Build.0 = Release|Any CPU
	EndGlobalSection
	GlobalSection(SolutionProperties) = preSolution
		HideSolutionNode = FALSE
	EndGlobalSection
	GlobalSection(ExtensibilityGlobals) = postSolution
		SolutionGuid = {BC2AC202-C082-4495-907B-9CA140B9E4E0}
	EndGlobalSection
EndGlobal
