
Microsoft Visual Studio Solution File, Format Version 12.00
# Visual Studio Version 17
VisualStudioVersion = 17.0.32112.339
MinimumVisualStudioVersion = 10.0.40219.1
Project("{2150E333-8FDC-42A3-9474-1A3956D46DE8}") = "01-First-Steps-In-Coding", "01-First-Steps-In-Coding", "{98E5A7F0-F294-474E-AD8B-C7CA83071234}"
EndProject
Project("{9A19103F-16F7-4668-BE54-9A1E7A4F7556}") = "01.USDtoBGN", "USDtoBGN\01.USDtoBGN.csproj", "{4EFE4CE6-0ACA-45B6-9176-78DBC5E99E0A}"
EndProject
Project("{9A19103F-16F7-4668-BE54-9A1E7A4F7556}") = "02.RadiansToDegrees", "RadiansToDegrees\02.RadiansToDegrees.csproj", "{6E00B430-06D9-45EB-9232-4203773F93E9}"
EndProject
Project("{9A19103F-16F7-4668-BE54-9A1E7A4F7556}") = "03.DepositCalculator", "DepositCalculator\03.DepositCalculator.csproj", "{89E9C62C-B3A1-4E6A-92A3-78A5843C2A06}"
EndProject
Project("{9A19103F-16F7-4668-BE54-9A1E7A4F7556}") = "04.VacationBooksList", "VacationBooksList\04.VacationBooksList.csproj", "{F3F1044E-6CD4-4289-B77F-9DA3A193A4DC}"
EndProject
Project("{9A19103F-16F7-4668-BE54-9A1E7A4F7556}") = "05.SuppliesForSchool", "SuppliesForSchool\05.SuppliesForSchool.csproj", "{A0A8849C-5107-4897-B345-BF0481D84B11}"
EndProject
Project("{9A19103F-16F7-4668-BE54-9A1E7A4F7556}") = "06.Repainting", "Repainting\06.Repainting.csproj", "{49B40915-E95D-42ED-B572-837C417ED30D}"
EndProject
Project("{9A19103F-16F7-4668-BE54-9A1E7A4F7556}") = "07.FoodDelivery", "FoodDelivery\07.FoodDelivery.csproj", "{67A4B436-6834-40A0-A0BC-D23339E7453C}"
EndProject
Project("{9A19103F-16F7-4668-BE54-9A1E7A4F7556}") = "08.BasketballEquipment", "BasketballEquipment\08.BasketballEquipment.csproj", "{519867AD-FE51-411C-BEF0-298585689485}"
EndProject
Project("{9A19103F-16F7-4668-BE54-9A1E7A4F7556}") = "09.FishTank", "FishTank\09.FishTank.csproj", "{A1F63495-E465-4EAE-94CE-EA1338019E84}"
EndProject
Project("{2150E333-8FDC-42A3-9474-1A3956D46DE8}") = "02-Conditional-Statements", "02-Conditional-Statements", "{0B087A71-CF23-4925-9773-91BCD73D618E}"
EndProject
Project("{9A19103F-16F7-4668-BE54-9A1E7A4F7556}") = "01.ExcellentResult", "ExcellentResult\01.ExcellentResult.csproj", "{F5CCA135-BAF1-40B8-B7E5-DE5F5E797765}"
EndProject
Project("{9A19103F-16F7-4668-BE54-9A1E7A4F7556}") = "02.GreaterNumber", "GreaterNumber\02.GreaterNumber.csproj", "{07261587-D559-4D34-A2EC-1A95BBB29111}"
EndProject
Project("{9A19103F-16F7-4668-BE54-9A1E7A4F7556}") = "03.EvenOrOdd", "EvenOrOdd\03.EvenOrOdd.csproj", "{0B8ECFC2-4303-4822-8558-28372E1187FD}"
EndProject
Project("{9A19103F-16F7-4668-BE54-9A1E7A4F7556}") = "04.PasswordGuess", "PasswordGuess\04.PasswordGuess.csproj", "{13F6C188-533B-4900-B709-F0714D45FC73}"
EndProject
Project("{9A19103F-16F7-4668-BE54-9A1E7A4F7556}") = "05.Number100-200", "Number100-200\05.Number100-200.csproj", "{585B3E6C-778C-47F8-910E-82E3B18A06C0}"
EndProject
Project("{9A19103F-16F7-4668-BE54-9A1E7A4F7556}") = "06.SpeedInfo", "SpeedInfo\06.SpeedInfo.csproj", "{10983FAB-21FC-496E-B222-72FC8EF4D04E}"
EndProject
Project("{9A19103F-16F7-4668-BE54-9A1E7A4F7556}") = "07.AreaOfFigure", "AreaOfFigure\07.AreaOfFigure.csproj", "{5B36F28E-D871-45D7-8A0A-3405D6773DFB}"
EndProject
Project("{2150E333-8FDC-42A3-9474-1A3956D46DE8}") = "Lesson4", "Lesson4", "{FD1650DA-8D0F-4530-9A14-1BC246BBCF3A}"
EndProject
Project("{9A19103F-16F7-4668-BE54-9A1E7A4F7556}") = "SumSeconds", "SumSeconds\SumSeconds.csproj", "{FBCCBB42-FEAF-4147-B805-FD3D4DD575B3}"
EndProject
Project("{9A19103F-16F7-4668-BE54-9A1E7A4F7556}") = "BonusScore", "BonusScore\BonusScore.csproj", "{EA3435AA-C107-413F-8EFA-89271E329B51}"
EndProject
Project("{9A19103F-16F7-4668-BE54-9A1E7A4F7556}") = "Time+15Minutes", "Time+15Minutes\Time+15Minutes.csproj", "{2A2074BD-EF3C-4C80-865C-F9BCC4DDC57E}"
EndProject
Project("{9A19103F-16F7-4668-BE54-9A1E7A4F7556}") = "ToyShop", "ToyShop\ToyShop.csproj", "{0D676D4F-B185-48C2-9EF9-6EAACC110989}"
EndProject
Project("{9A19103F-16F7-4668-BE54-9A1E7A4F7556}") = "GodzillaVsKong", "GodzillaVsKong\GodzillaVsKong.csproj", "{046E9558-7EE6-4585-90A0-BD5AAF569A9D}"
EndProject
Project("{9A19103F-16F7-4668-BE54-9A1E7A4F7556}") = "WorldSwimmingRecord", "WorldSwimmingRecord\WorldSwimmingRecord.csproj", "{42BB2766-FCE3-42B2-BAA2-00F520DC6271}"
EndProject
Project("{9A19103F-16F7-4668-BE54-9A1E7A4F7556}") = "Shopping", "Shopping\Shopping.csproj", "{E5AD83C8-F833-435C-95A5-DAAD83E3BE21}"
EndProject
Project("{9A19103F-16F7-4668-BE54-9A1E7A4F7556}") = "LunchBreak", "LunchBreak\LunchBreak.csproj", "{052A40EE-3943-4F2F-AE7B-DDAF322F0290}"
EndProject
Project("{2150E333-8FDC-42A3-9474-1A3956D46DE8}") = "Lesson5", "Lesson5", "{A02AC9FC-971C-4122-BA9B-25A3154CC3B8}"
EndProject
Project("{9A19103F-16F7-4668-BE54-9A1E7A4F7556}") = "DayOfWeek", "DayOfWeek\DayOfWeek.csproj", "{CD9D023D-4B93-4B78-BA20-C67CA8A96873}"
EndProject
Project("{9A19103F-16F7-4668-BE54-9A1E7A4F7556}") = "WeekendOrWorkingDay", "WeekendOrWorkingDay\WeekendOrWorkingDay.csproj", "{EF511776-73E3-42C7-B830-ADE04975DA67}"
EndProject
Project("{9A19103F-16F7-4668-BE54-9A1E7A4F7556}") = "AnimalType", "AnimalType\AnimalType.csproj", "{99648330-6337-4ED8-907C-5E4A842E337E}"
EndProject
Project("{9A19103F-16F7-4668-BE54-9A1E7A4F7556}") = "PersonalTitles", "PersonalTitles\PersonalTitles.csproj", "{AC73E944-BD6A-417B-BE7A-EDBE2C9A7D3A}"
EndProject
Project("{9A19103F-16F7-4668-BE54-9A1E7A4F7556}") = "SmallShop", "SmallShop\SmallShop.csproj", "{261FC7C4-EEEA-4002-AFBF-DBDFFCB0CEC7}"
EndProject
Project("{9A19103F-16F7-4668-BE54-9A1E7A4F7556}") = "NumberInRange", "NumberInRange\NumberInRange.csproj", "{F1898D8E-48B1-4F13-8934-3B90E05BD03E}"
EndProject
Project("{9A19103F-16F7-4668-BE54-9A1E7A4F7556}") = "WorkingHours", "WorkingHours\WorkingHours.csproj", "{239D44D6-5EBE-41F5-9093-B865AEC513E7}"
EndProject
Project("{9A19103F-16F7-4668-BE54-9A1E7A4F7556}") = "CinemaTicket", "CinemaTicket\CinemaTicket.csproj", "{50A05D20-74BF-483C-AEC8-A130FF7FBE49}"
EndProject
Project("{9A19103F-16F7-4668-BE54-9A1E7A4F7556}") = "FruitOrVegetable", "FruitOrVegetable\FruitOrVegetable.csproj", "{CB073C23-0B7C-46B3-AF27-CF8EF368B321}"
EndProject
Project("{9A19103F-16F7-4668-BE54-9A1E7A4F7556}") = "InvalidNumber", "InvalidNumber\InvalidNumber.csproj", "{186475EB-EAB6-4F2D-8695-37B4FD82ADF3}"
EndProject
Project("{9A19103F-16F7-4668-BE54-9A1E7A4F7556}") = "FruitShop", "FruitShop\FruitShop.csproj", "{7BE549EA-A352-4058-A3B8-E85118D70DD3}"
EndProject
Project("{9A19103F-16F7-4668-BE54-9A1E7A4F7556}") = "TradeCommissions", "TradeCommissions\TradeCommissions.csproj", "{047B84CC-DB03-4FEF-9F1D-8D141660FD5B}"
EndProject
Project("{2150E333-8FDC-42A3-9474-1A3956D46DE8}") = "Lesson6", "Lesson6", "{1D2E8986-8765-4FF6-A4A0-605C683669DF}"
EndProject
Project("{9A19103F-16F7-4668-BE54-9A1E7A4F7556}") = "Cinema", "Cinema\Cinema.csproj", "{3B27C23E-ED36-40E3-A6E5-010C71538E62}"
EndProject
Project("{9A19103F-16F7-4668-BE54-9A1E7A4F7556}") = "SummerOutfit", "SummerOutfit\SummerOutfit.csproj", "{071764D4-3BD0-430F-BC6A-ABD1823129DE}"
EndProject
Project("{9A19103F-16F7-4668-BE54-9A1E7A4F7556}") = "NewHouse", "NewHouse\NewHouse.csproj", "{A6BD6AC2-DA75-4FC7-BFF1-00BFB4371E8E}"
EndProject
Project("{9A19103F-16F7-4668-BE54-9A1E7A4F7556}") = "FishingBoat", "FishingBoat\FishingBoat.csproj", "{FCEB8B62-28A7-46A1-8502-5A1D6090F375}"
EndProject
Project("{9A19103F-16F7-4668-BE54-9A1E7A4F7556}") = "Journey", "Journey\Journey.csproj", "{16ABD70A-8D9D-4F2C-9D3F-7891C59D7907}"
EndProject
Project("{9A19103F-16F7-4668-BE54-9A1E7A4F7556}") = "OperationsBetweenNumbers", "OperationsBetweenNumbers\OperationsBetweenNumbers.csproj", "{0F0EB7B2-2301-4D95-9FC0-688C92425B6C}"
EndProject
Project("{9A19103F-16F7-4668-BE54-9A1E7A4F7556}") = "HotelRoom", "HotelRoom\HotelRoom.csproj", "{85E0E642-3B7F-43D0-90B8-3E7C7378BC77}"
EndProject
Project("{9A19103F-16F7-4668-BE54-9A1E7A4F7556}") = "OnTimeForExam", "OnTimeForExam\OnTimeForExam.csproj", "{F3440D6B-34EE-4581-AFC0-6DC3C03101E6}"
EndProject
Project("{9A19103F-16F7-4668-BE54-9A1E7A4F7556}") = "SkiTrip", "SkipTrip\SkiTrip.csproj", "{84B79C08-C23C-445C-B006-44876327557D}"
EndProject
Project("{2150E333-8FDC-42A3-9474-1A3956D46DE8}") = "Lesson7", "Lesson7", "{F3080CBD-4567-498C-8E83-B4F14D88681B}"
EndProject
Project("{9A19103F-16F7-4668-BE54-9A1E7A4F7556}") = "NumbersForm1To100", "NumbersForm1To100\NumbersForm1To100.csproj", "{1FE484E6-8F0A-4D64-8B1F-9838A8B98012}"
EndProject
Project("{9A19103F-16F7-4668-BE54-9A1E7A4F7556}") = "NumbersN1", "NumbersN1\NumbersN1.csproj", "{DF7DF4A4-D024-41F9-8B3F-4E107A8FF2A3}"
EndProject
Project("{9A19103F-16F7-4668-BE54-9A1E7A4F7556}") = "Numbers1NWithStep3", "Numbers1NWithStep3\Numbers1NWithStep3.csproj", "{6CAA5343-EA5D-4D83-840C-941D768A906A}"
EndProject
Project("{9A19103F-16F7-4668-BE54-9A1E7A4F7556}") = "EvenPowersOf2", "EvenPowersOf2\EvenPowersOf2.csproj", "{5EB2F937-F68C-49CB-B84B-C6313A316D62}"
EndProject
Project("{9A19103F-16F7-4668-BE54-9A1E7A4F7556}") = "CharacterSequence", "CharacterSequence\CharacterSequence.csproj", "{448CF6EF-D8EA-4800-9EB0-790A77BF8EFD}"
EndProject
Project("{9A19103F-16F7-4668-BE54-9A1E7A4F7556}") = "VowelsSum", "VowelsSum\VowelsSum.csproj", "{52190995-00D6-4469-A69E-D3A54A20CFC6}"
EndProject
Project("{9A19103F-16F7-4668-BE54-9A1E7A4F7556}") = "SumNumbers", "SumNumbers\SumNumbers.csproj", "{54B04B29-F162-40BF-9224-751103AE2628}"
EndProject
Project("{9A19103F-16F7-4668-BE54-9A1E7A4F7556}") = "NumberSequence", "NumberSequence\NumberSequence.csproj", "{EB528302-CECD-46B6-9F0D-254AF4F0A747}"
EndProject
Project("{9A19103F-16F7-4668-BE54-9A1E7A4F7556}") = "LeftAndRightSum", "LeftAndRightSum\LeftAndRightSum.csproj", "{3D71E696-6BC6-42B6-B85B-9CAB9EBDE5CF}"
EndProject
Project("{9A19103F-16F7-4668-BE54-9A1E7A4F7556}") = "OddEvenSum", "OddEvenSum\OddEvenSum.csproj", "{1D92412E-A3E4-496E-B22B-E40C8742CC7B}"
EndProject
Project("{2150E333-8FDC-42A3-9474-1A3956D46DE8}") = "Lesson8", "Lesson8", "{ACFD8520-1709-4B78-9EBE-70899A5618D4}"
EndProject
Project("{9A19103F-16F7-4668-BE54-9A1E7A4F7556}") = "NumbersEndingIn7", "NumbersEndingIn7\NumbersEndingIn7.csproj", "{F6B2053E-81CD-4EAF-9BB4-7C54B68827C9}"
EndProject
Project("{9A19103F-16F7-4668-BE54-9A1E7A4F7556}") = "HalfSumElement", "HalfSumElement\HalfSumElement.csproj", "{A3735723-9380-4D90-98A0-85A42431ED7A}"
EndProject
Project("{9A19103F-16F7-4668-BE54-9A1E7A4F7556}") = "Histogram", "Histogram\Histogram.csproj", "{82DAAE9D-4C15-4872-8746-4109DE6E6213}"
EndProject
Project("{9A19103F-16F7-4668-BE54-9A1E7A4F7556}") = "CleverLily", "CleverLily\CleverLily.csproj", "{95EE30F0-ED7A-4270-BD19-06BC17C9BE21}"
EndProject
Project("{9A19103F-16F7-4668-BE54-9A1E7A4F7556}") = "Salary", "Salary\Salary.csproj", "{5126A178-26E6-40C5-96EF-384098CC5DA8}"
EndProject
Project("{9A19103F-16F7-4668-BE54-9A1E7A4F7556}") = "Oscars", "Oscars\Oscars.csproj", "{C8C61843-4CF1-4B19-8A28-02C4F11064C0}"
EndProject
Project("{9A19103F-16F7-4668-BE54-9A1E7A4F7556}") = "TrekkingMania", "TrekkingMania\TrekkingMania.csproj", "{F5FC2D1D-534F-41F4-AFA6-2DCE19FF2263}"
EndProject
Project("{9A19103F-16F7-4668-BE54-9A1E7A4F7556}") = "TennisRanklist", "TennisRanklist\TennisRanklist.csproj", "{53B09E6D-A6E6-41F7-8330-38C9D3FBDC37}"
EndProject
Project("{2150E333-8FDC-42A3-9474-1A3956D46DE8}") = "Lesson9", "Lesson9", "{6A7A8A8E-178F-4A42-8DFC-8C5713B70A59}"
EndProject
Project("{9A19103F-16F7-4668-BE54-9A1E7A4F7556}") = "ReadText", "ReadText\ReadText.csproj", "{C52C328F-B7B6-4F02-813E-B03768BB57F6}"
EndProject
Project("{9A19103F-16F7-4668-BE54-9A1E7A4F7556}") = "Password", "Password\Password.csproj", "{E36E3F2A-4818-40C7-A5EA-24E8DC9D8AE9}"
EndProject
Project("{9A19103F-16F7-4668-BE54-9A1E7A4F7556}") = "SumNumbers1", "SumNumbers1\SumNumbers1.csproj", "{AA5CB32D-BBAA-4628-B100-04A64F7B2E0B}"
EndProject
Project("{9A19103F-16F7-4668-BE54-9A1E7A4F7556}") = "Sequence2k+1", "Sequence2k+1\Sequence2k+1.csproj", "{2C900D55-82CD-493C-82EE-126C296CEB62}"
EndProject
Project("{9A19103F-16F7-4668-BE54-9A1E7A4F7556}") = "AccountBalance", "AccountBalance\AccountBalance.csproj", "{3F9276C0-2C97-4E26-9B1A-63CEADF60A15}"
EndProject
Project("{9A19103F-16F7-4668-BE54-9A1E7A4F7556}") = "MaxNumber", "MaxNumber\MaxNumber.csproj", "{AE5C37D6-E838-440C-90AE-33ED8AEDCCBB}"
EndProject
Project("{9A19103F-16F7-4668-BE54-9A1E7A4F7556}") = "MinNumber", "MinNumber\MinNumber.csproj", "{E9880465-42EA-4927-80B5-A506456896CB}"
EndProject
Project("{9A19103F-16F7-4668-BE54-9A1E7A4F7556}") = "Graduation", "Graduation\Graduation.csproj", "{93845AD6-9D45-4E3B-9510-87EB435D724C}"
EndProject
Project("{2150E333-8FDC-42A3-9474-1A3956D46DE8}") = "Lesson10", "Lesson10", "{E615D47D-C437-4CBE-ACB3-CB0076084465}"
EndProject
Project("{9A19103F-16F7-4668-BE54-9A1E7A4F7556}") = "OIdBooks", "OIdBooks\OIdBooks.csproj", "{D08B1F49-2AEB-4C34-9743-510016DF3E3C}"
EndProject
Project("{9A19103F-16F7-4668-BE54-9A1E7A4F7556}") = "ExamPreparation", "ExamPreparation\ExamPreparation.csproj", "{41626997-2D03-487B-A7CF-FF9D852663BC}"
EndProject
Project("{9A19103F-16F7-4668-BE54-9A1E7A4F7556}") = "Vacation", "Vacation\Vacation.csproj", "{EEC73E9F-6074-4DA9-89A1-5652A245BE41}"
EndProject
Project("{9A19103F-16F7-4668-BE54-9A1E7A4F7556}") = "Walking", "Walking\Walking.csproj", "{0E44C09C-7958-4A02-824D-E799C815A3DB}"
EndProject
Project("{9A19103F-16F7-4668-BE54-9A1E7A4F7556}") = "Coins", "Coins\Coins.csproj", "{4C2F49BF-53F0-478F-9F6D-D2913387A280}"
EndProject
Project("{9A19103F-16F7-4668-BE54-9A1E7A4F7556}") = "Cake", "Cake\Cake.csproj", "{AA900606-4C32-4602-AEF0-72ED251E9AFA}"
EndProject
Project("{9A19103F-16F7-4668-BE54-9A1E7A4F7556}") = "Moving", "Moving\Moving.csproj", "{3F946747-066C-4615-AAF8-692C3A2A3926}"
EndProject
Project("{2150E333-8FDC-42A3-9474-1A3956D46DE8}") = "Lesson11", "Lesson11", "{C2E4FF45-D897-4CA8-A76D-126F74C326B0}"
EndProject
Project("{9A19103F-16F7-4668-BE54-9A1E7A4F7556}") = "Clock", "Clock\Clock.csproj", "{E2F5DC89-41E3-4E4D-946B-0D5FF1BC0215}"
EndProject
Project("{9A19103F-16F7-4668-BE54-9A1E7A4F7556}") = "MultiplicationTable", "MultiplicationTable\MultiplicationTable.csproj", "{AAB90E92-EA76-4091-88DF-D5A3760577BD}"
EndProject
Project("{9A19103F-16F7-4668-BE54-9A1E7A4F7556}") = "Combinations", "Combinations\Combinations.csproj", "{3C4C4EDC-8FD0-47C6-B654-D8A0A460C5F1}"
EndProject
Project("{9A19103F-16F7-4668-BE54-9A1E7A4F7556}") = "SumOfTwoNumbers", "SumOfTwoNumbers\SumOfTwoNumbers.csproj", "{27C7141E-84B8-4326-98B7-0AF29AFB102B}"
EndProject
Project("{9A19103F-16F7-4668-BE54-9A1E7A4F7556}") = "Travelling", "Travelling\Travelling.csproj", "{C06D3C26-3B33-46B4-858A-811E347E12E0}"
EndProject
Project("{9A19103F-16F7-4668-BE54-9A1E7A4F7556}") = "Building", "Building\Building.csproj", "{30F20E0D-FE45-4D19-9AF0-7E220BC09A79}"
EndProject
Project("{2150E333-8FDC-42A3-9474-1A3956D46DE8}") = "Lesson12", "Lesson12", "{1CE1A4DB-CCEA-48B1-83AC-E4A6A5E61922}"
EndProject
Project("{9A19103F-16F7-4668-BE54-9A1E7A4F7556}") = "NumberPyramid", "NumberPyramid\NumberPyramid.csproj", "{E320410A-D684-4278-8D12-2399FBBFB6C5}"
EndProject
Project("{9A19103F-16F7-4668-BE54-9A1E7A4F7556}") = "EvenAndOddSum", "EvenAndOddSum\EvenAndOddSum.csproj", "{1FB0CE8F-4C2C-4D3A-9706-15E970A46456}"
EndProject
Project("{9A19103F-16F7-4668-BE54-9A1E7A4F7556}") = "PrimeAndNonPrimeSums", "PrimeAndNonPrimeSums\PrimeAndNonPrimeSums.csproj", "{31C2A563-BFFA-4FD5-826B-7CCE04FD7008}"
EndProject
Project("{9A19103F-16F7-4668-BE54-9A1E7A4F7556}") = "TrainTheTrainers", "TrainTheTrainers\TrainTheTrainers.csproj", "{A9633826-7CDA-43C9-A0BD-44563956838B}"
EndProject
Project("{9A19103F-16F7-4668-BE54-9A1E7A4F7556}") = "SpecialNumbers", "SpecialNumbers\SpecialNumbers.csproj", "{ACFB05AF-83B2-4C91-B7D4-63A9AA6B15D3}"
EndProject
Project("{9A19103F-16F7-4668-BE54-9A1E7A4F7556}") = "CinemaTickets", "CinemaTickets\CinemaTickets.csproj", "{E15ED9BD-9CF1-4B5E-8C2A-4B87080E4A0B}"
EndProject
Project("{2150E333-8FDC-42A3-9474-1A3956D46DE8}") = "Lesson13", "Lesson13", "{86932F3D-71EC-4312-8CE3-E22E11838FF8}"
EndProject
Project("{9A19103F-16F7-4668-BE54-9A1E7A4F7556}") = "FruitMarket", "FruitMarket\FruitMarket.csproj", "{6E78DA5E-4B85-4521-BB45-3340827A9A35}"
EndProject
Project("{9A19103F-16F7-4668-BE54-9A1E7A4F7556}") = "FamilyVacation", "FamilyVacation\FamilyVacation.csproj", "{021D0F78-6503-443C-8371-9C78B3003547}"
EndProject
Project("{9A19103F-16F7-4668-BE54-9A1E7A4F7556}") = "FilmDestination", "FilmDestination\FilmDestination.csproj", "{BDDD908E-0FAE-4BD9-A8F0-CC973CCA5054}"
EndProject
Project("{9A19103F-16F7-4668-BE54-9A1E7A4F7556}") = "PetsFood", "PetsFood\PetsFood.csproj", "{F759BF6B-8FF7-4206-A1C0-CBEB2849F884}"
EndProject
Project("{9A19103F-16F7-4668-BE54-9A1E7A4F7556}") = "EasterEggFight", "EasterEggFight\EasterEggFight.csproj", "{0B3ACFCC-02D3-483C-8DBE-913AD27C1766}"
EndProject
Project("{9A19103F-16F7-4668-BE54-9A1E7A4F7556}") = "BarcodeGenerator", "BarcodeGenerator\BarcodeGenerator.csproj", "{EF7D5CEA-DB00-4AE7-A5AB-44E35CFBAA4C}"
EndProject
Project("{2150E333-8FDC-42A3-9474-1A3956D46DE8}") = "Pre-exam", "Pre-exam", "{A827699C-EAC4-46F9-90F8-B5DA6A66F034}"
EndProject
Project("{9A19103F-16F7-4668-BE54-9A1E7A4F7556}") = "Theoretical", "Theoretical\Theoretical.csproj", "{85B8D8AD-8AFE-4E26-8E16-0C2409021543}"
EndProject
Project("{9A19103F-16F7-4668-BE54-9A1E7A4F7556}") = "PCStore", "PCStore\PCStore.csproj", "{42F6BE67-58B4-469D-BF3A-4025858FCE58}"
EndProject
Project("{9A19103F-16F7-4668-BE54-9A1E7A4F7556}") = "DeerOfSanta", "DeerOfSanta\DeerOfSanta.csproj", "{EA914AEF-E1DD-42B8-931F-AC0D7C1B890F}"
EndProject
Project("{9A19103F-16F7-4668-BE54-9A1E7A4F7556}") = "ExcursionCalculator", "ExcursionCalculator\ExcursionCalculator.csproj", "{2B50850B-BC25-4ED4-B230-4ACF4834B0FA}"
EndProject
Project("{9A19103F-16F7-4668-BE54-9A1E7A4F7556}") = "ComputerFirm", "ComputerFirm\ComputerFirm.csproj", "{F4807A0E-01C7-4428-8C62-7FE629BB8F44}"
EndProject
Project("{9A19103F-16F7-4668-BE54-9A1E7A4F7556}") = "HairSalon", "HairSalon\HairSalon.csproj", "{E425F3AE-98E9-4BFB-9843-E05748A17D7B}"
EndProject
Project("{9A19103F-16F7-4668-BE54-9A1E7A4F7556}") = "Substitute", "Substitute\Substitute.csproj", "{93A0DA74-C09C-4056-81AF-B924A57F6F81}"
EndProject
Project("{2150E333-8FDC-42A3-9474-1A3956D46DE8}") = "Exercise", "Exercise", "{363F8054-2C5E-4901-8A9D-5A44FB764E06}"
EndProject
Project("{2150E333-8FDC-42A3-9474-1A3956D46DE8}") = "Lab", "Lab", "{F79052B0-EAB7-4E07-8189-34C4A45A2953}"
EndProject
Global
	GlobalSection(SolutionConfigurationPlatforms) = preSolution
		Debug|Any CPU = Debug|Any CPU
		Release|Any CPU = Release|Any CPU
	EndGlobalSection
	GlobalSection(ProjectConfigurationPlatforms) = postSolution
		{4EFE4CE6-0ACA-45B6-9176-78DBC5E99E0A}.Debug|Any CPU.ActiveCfg = Debug|Any CPU
		{4EFE4CE6-0ACA-45B6-9176-78DBC5E99E0A}.Debug|Any CPU.Build.0 = Debug|Any CPU
		{4EFE4CE6-0ACA-45B6-9176-78DBC5E99E0A}.Release|Any CPU.ActiveCfg = Release|Any CPU
		{4EFE4CE6-0ACA-45B6-9176-78DBC5E99E0A}.Release|Any CPU.Build.0 = Release|Any CPU
		{6E00B430-06D9-45EB-9232-4203773F93E9}.Debug|Any CPU.ActiveCfg = Debug|Any CPU
		{6E00B430-06D9-45EB-9232-4203773F93E9}.Debug|Any CPU.Build.0 = Debug|Any CPU
		{6E00B430-06D9-45EB-9232-4203773F93E9}.Release|Any CPU.ActiveCfg = Release|Any CPU
		{6E00B430-06D9-45EB-9232-4203773F93E9}.Release|Any CPU.Build.0 = Release|Any CPU
		{89E9C62C-B3A1-4E6A-92A3-78A5843C2A06}.Debug|Any CPU.ActiveCfg = Debug|Any CPU
		{89E9C62C-B3A1-4E6A-92A3-78A5843C2A06}.Debug|Any CPU.Build.0 = Debug|Any CPU
		{89E9C62C-B3A1-4E6A-92A3-78A5843C2A06}.Release|Any CPU.ActiveCfg = Release|Any CPU
		{89E9C62C-B3A1-4E6A-92A3-78A5843C2A06}.Release|Any CPU.Build.0 = Release|Any CPU
		{F3F1044E-6CD4-4289-B77F-9DA3A193A4DC}.Debug|Any CPU.ActiveCfg = Debug|Any CPU
		{F3F1044E-6CD4-4289-B77F-9DA3A193A4DC}.Debug|Any CPU.Build.0 = Debug|Any CPU
		{F3F1044E-6CD4-4289-B77F-9DA3A193A4DC}.Release|Any CPU.ActiveCfg = Release|Any CPU
		{F3F1044E-6CD4-4289-B77F-9DA3A193A4DC}.Release|Any CPU.Build.0 = Release|Any CPU
		{A0A8849C-5107-4897-B345-BF0481D84B11}.Debug|Any CPU.ActiveCfg = Debug|Any CPU
		{A0A8849C-5107-4897-B345-BF0481D84B11}.Debug|Any CPU.Build.0 = Debug|Any CPU
		{A0A8849C-5107-4897-B345-BF0481D84B11}.Release|Any CPU.ActiveCfg = Release|Any CPU
		{A0A8849C-5107-4897-B345-BF0481D84B11}.Release|Any CPU.Build.0 = Release|Any CPU
		{49B40915-E95D-42ED-B572-837C417ED30D}.Debug|Any CPU.ActiveCfg = Debug|Any CPU
		{49B40915-E95D-42ED-B572-837C417ED30D}.Debug|Any CPU.Build.0 = Debug|Any CPU
		{49B40915-E95D-42ED-B572-837C417ED30D}.Release|Any CPU.ActiveCfg = Release|Any CPU
		{49B40915-E95D-42ED-B572-837C417ED30D}.Release|Any CPU.Build.0 = Release|Any CPU
		{67A4B436-6834-40A0-A0BC-D23339E7453C}.Debug|Any CPU.ActiveCfg = Debug|Any CPU
		{67A4B436-6834-40A0-A0BC-D23339E7453C}.Debug|Any CPU.Build.0 = Debug|Any CPU
		{67A4B436-6834-40A0-A0BC-D23339E7453C}.Release|Any CPU.ActiveCfg = Release|Any CPU
		{67A4B436-6834-40A0-A0BC-D23339E7453C}.Release|Any CPU.Build.0 = Release|Any CPU
		{519867AD-FE51-411C-BEF0-298585689485}.Debug|Any CPU.ActiveCfg = Debug|Any CPU
		{519867AD-FE51-411C-BEF0-298585689485}.Debug|Any CPU.Build.0 = Debug|Any CPU
		{519867AD-FE51-411C-BEF0-298585689485}.Release|Any CPU.ActiveCfg = Release|Any CPU
		{519867AD-FE51-411C-BEF0-298585689485}.Release|Any CPU.Build.0 = Release|Any CPU
		{A1F63495-E465-4EAE-94CE-EA1338019E84}.Debug|Any CPU.ActiveCfg = Debug|Any CPU
		{A1F63495-E465-4EAE-94CE-EA1338019E84}.Debug|Any CPU.Build.0 = Debug|Any CPU
		{A1F63495-E465-4EAE-94CE-EA1338019E84}.Release|Any CPU.ActiveCfg = Release|Any CPU
		{A1F63495-E465-4EAE-94CE-EA1338019E84}.Release|Any CPU.Build.0 = Release|Any CPU
		{F5CCA135-BAF1-40B8-B7E5-DE5F5E797765}.Debug|Any CPU.ActiveCfg = Debug|Any CPU
		{F5CCA135-BAF1-40B8-B7E5-DE5F5E797765}.Debug|Any CPU.Build.0 = Debug|Any CPU
		{F5CCA135-BAF1-40B8-B7E5-DE5F5E797765}.Release|Any CPU.ActiveCfg = Release|Any CPU
		{F5CCA135-BAF1-40B8-B7E5-DE5F5E797765}.Release|Any CPU.Build.0 = Release|Any CPU
		{07261587-D559-4D34-A2EC-1A95BBB29111}.Debug|Any CPU.ActiveCfg = Debug|Any CPU
		{07261587-D559-4D34-A2EC-1A95BBB29111}.Debug|Any CPU.Build.0 = Debug|Any CPU
		{07261587-D559-4D34-A2EC-1A95BBB29111}.Release|Any CPU.ActiveCfg = Release|Any CPU
		{07261587-D559-4D34-A2EC-1A95BBB29111}.Release|Any CPU.Build.0 = Release|Any CPU
		{0B8ECFC2-4303-4822-8558-28372E1187FD}.Debug|Any CPU.ActiveCfg = Debug|Any CPU
		{0B8ECFC2-4303-4822-8558-28372E1187FD}.Debug|Any CPU.Build.0 = Debug|Any CPU
		{0B8ECFC2-4303-4822-8558-28372E1187FD}.Release|Any CPU.ActiveCfg = Release|Any CPU
		{0B8ECFC2-4303-4822-8558-28372E1187FD}.Release|Any CPU.Build.0 = Release|Any CPU
		{13F6C188-533B-4900-B709-F0714D45FC73}.Debug|Any CPU.ActiveCfg = Debug|Any CPU
		{13F6C188-533B-4900-B709-F0714D45FC73}.Debug|Any CPU.Build.0 = Debug|Any CPU
		{13F6C188-533B-4900-B709-F0714D45FC73}.Release|Any CPU.ActiveCfg = Release|Any CPU
		{13F6C188-533B-4900-B709-F0714D45FC73}.Release|Any CPU.Build.0 = Release|Any CPU
		{585B3E6C-778C-47F8-910E-82E3B18A06C0}.Debug|Any CPU.ActiveCfg = Debug|Any CPU
		{585B3E6C-778C-47F8-910E-82E3B18A06C0}.Debug|Any CPU.Build.0 = Debug|Any CPU
		{585B3E6C-778C-47F8-910E-82E3B18A06C0}.Release|Any CPU.ActiveCfg = Release|Any CPU
		{585B3E6C-778C-47F8-910E-82E3B18A06C0}.Release|Any CPU.Build.0 = Release|Any CPU
		{10983FAB-21FC-496E-B222-72FC8EF4D04E}.Debug|Any CPU.ActiveCfg = Debug|Any CPU
		{10983FAB-21FC-496E-B222-72FC8EF4D04E}.Debug|Any CPU.Build.0 = Debug|Any CPU
		{10983FAB-21FC-496E-B222-72FC8EF4D04E}.Release|Any CPU.ActiveCfg = Release|Any CPU
		{10983FAB-21FC-496E-B222-72FC8EF4D04E}.Release|Any CPU.Build.0 = Release|Any CPU
		{5B36F28E-D871-45D7-8A0A-3405D6773DFB}.Debug|Any CPU.ActiveCfg = Debug|Any CPU
		{5B36F28E-D871-45D7-8A0A-3405D6773DFB}.Debug|Any CPU.Build.0 = Debug|Any CPU
		{5B36F28E-D871-45D7-8A0A-3405D6773DFB}.Release|Any CPU.ActiveCfg = Release|Any CPU
		{5B36F28E-D871-45D7-8A0A-3405D6773DFB}.Release|Any CPU.Build.0 = Release|Any CPU
		{FBCCBB42-FEAF-4147-B805-FD3D4DD575B3}.Debug|Any CPU.ActiveCfg = Debug|Any CPU
		{FBCCBB42-FEAF-4147-B805-FD3D4DD575B3}.Debug|Any CPU.Build.0 = Debug|Any CPU
		{FBCCBB42-FEAF-4147-B805-FD3D4DD575B3}.Release|Any CPU.ActiveCfg = Release|Any CPU
		{FBCCBB42-FEAF-4147-B805-FD3D4DD575B3}.Release|Any CPU.Build.0 = Release|Any CPU
		{EA3435AA-C107-413F-8EFA-89271E329B51}.Debug|Any CPU.ActiveCfg = Debug|Any CPU
		{EA3435AA-C107-413F-8EFA-89271E329B51}.Debug|Any CPU.Build.0 = Debug|Any CPU
		{EA3435AA-C107-413F-8EFA-89271E329B51}.Release|Any CPU.ActiveCfg = Release|Any CPU
		{EA3435AA-C107-413F-8EFA-89271E329B51}.Release|Any CPU.Build.0 = Release|Any CPU
		{2A2074BD-EF3C-4C80-865C-F9BCC4DDC57E}.Debug|Any CPU.ActiveCfg = Debug|Any CPU
		{2A2074BD-EF3C-4C80-865C-F9BCC4DDC57E}.Debug|Any CPU.Build.0 = Debug|Any CPU
		{2A2074BD-EF3C-4C80-865C-F9BCC4DDC57E}.Release|Any CPU.ActiveCfg = Release|Any CPU
		{2A2074BD-EF3C-4C80-865C-F9BCC4DDC57E}.Release|Any CPU.Build.0 = Release|Any CPU
		{0D676D4F-B185-48C2-9EF9-6EAACC110989}.Debug|Any CPU.ActiveCfg = Debug|Any CPU
		{0D676D4F-B185-48C2-9EF9-6EAACC110989}.Debug|Any CPU.Build.0 = Debug|Any CPU
		{0D676D4F-B185-48C2-9EF9-6EAACC110989}.Release|Any CPU.ActiveCfg = Release|Any CPU
		{0D676D4F-B185-48C2-9EF9-6EAACC110989}.Release|Any CPU.Build.0 = Release|Any CPU
		{046E9558-7EE6-4585-90A0-BD5AAF569A9D}.Debug|Any CPU.ActiveCfg = Debug|Any CPU
		{046E9558-7EE6-4585-90A0-BD5AAF569A9D}.Debug|Any CPU.Build.0 = Debug|Any CPU
		{046E9558-7EE6-4585-90A0-BD5AAF569A9D}.Release|Any CPU.ActiveCfg = Release|Any CPU
		{046E9558-7EE6-4585-90A0-BD5AAF569A9D}.Release|Any CPU.Build.0 = Release|Any CPU
		{42BB2766-FCE3-42B2-BAA2-00F520DC6271}.Debug|Any CPU.ActiveCfg = Debug|Any CPU
		{42BB2766-FCE3-42B2-BAA2-00F520DC6271}.Debug|Any CPU.Build.0 = Debug|Any CPU
		{42BB2766-FCE3-42B2-BAA2-00F520DC6271}.Release|Any CPU.ActiveCfg = Release|Any CPU
		{42BB2766-FCE3-42B2-BAA2-00F520DC6271}.Release|Any CPU.Build.0 = Release|Any CPU
		{E5AD83C8-F833-435C-95A5-DAAD83E3BE21}.Debug|Any CPU.ActiveCfg = Debug|Any CPU
		{E5AD83C8-F833-435C-95A5-DAAD83E3BE21}.Debug|Any CPU.Build.0 = Debug|Any CPU
		{E5AD83C8-F833-435C-95A5-DAAD83E3BE21}.Release|Any CPU.ActiveCfg = Release|Any CPU
		{E5AD83C8-F833-435C-95A5-DAAD83E3BE21}.Release|Any CPU.Build.0 = Release|Any CPU
		{052A40EE-3943-4F2F-AE7B-DDAF322F0290}.Debug|Any CPU.ActiveCfg = Debug|Any CPU
		{052A40EE-3943-4F2F-AE7B-DDAF322F0290}.Debug|Any CPU.Build.0 = Debug|Any CPU
		{052A40EE-3943-4F2F-AE7B-DDAF322F0290}.Release|Any CPU.ActiveCfg = Release|Any CPU
		{052A40EE-3943-4F2F-AE7B-DDAF322F0290}.Release|Any CPU.Build.0 = Release|Any CPU
		{CD9D023D-4B93-4B78-BA20-C67CA8A96873}.Debug|Any CPU.ActiveCfg = Debug|Any CPU
		{CD9D023D-4B93-4B78-BA20-C67CA8A96873}.Debug|Any CPU.Build.0 = Debug|Any CPU
		{CD9D023D-4B93-4B78-BA20-C67CA8A96873}.Release|Any CPU.ActiveCfg = Release|Any CPU
		{CD9D023D-4B93-4B78-BA20-C67CA8A96873}.Release|Any CPU.Build.0 = Release|Any CPU
		{EF511776-73E3-42C7-B830-ADE04975DA67}.Debug|Any CPU.ActiveCfg = Debug|Any CPU
		{EF511776-73E3-42C7-B830-ADE04975DA67}.Debug|Any CPU.Build.0 = Debug|Any CPU
		{EF511776-73E3-42C7-B830-ADE04975DA67}.Release|Any CPU.ActiveCfg = Release|Any CPU
		{EF511776-73E3-42C7-B830-ADE04975DA67}.Release|Any CPU.Build.0 = Release|Any CPU
		{99648330-6337-4ED8-907C-5E4A842E337E}.Debug|Any CPU.ActiveCfg = Debug|Any CPU
		{99648330-6337-4ED8-907C-5E4A842E337E}.Debug|Any CPU.Build.0 = Debug|Any CPU
		{99648330-6337-4ED8-907C-5E4A842E337E}.Release|Any CPU.ActiveCfg = Release|Any CPU
		{99648330-6337-4ED8-907C-5E4A842E337E}.Release|Any CPU.Build.0 = Release|Any CPU
		{AC73E944-BD6A-417B-BE7A-EDBE2C9A7D3A}.Debug|Any CPU.ActiveCfg = Debug|Any CPU
		{AC73E944-BD6A-417B-BE7A-EDBE2C9A7D3A}.Debug|Any CPU.Build.0 = Debug|Any CPU
		{AC73E944-BD6A-417B-BE7A-EDBE2C9A7D3A}.Release|Any CPU.ActiveCfg = Release|Any CPU
		{AC73E944-BD6A-417B-BE7A-EDBE2C9A7D3A}.Release|Any CPU.Build.0 = Release|Any CPU
		{261FC7C4-EEEA-4002-AFBF-DBDFFCB0CEC7}.Debug|Any CPU.ActiveCfg = Debug|Any CPU
		{261FC7C4-EEEA-4002-AFBF-DBDFFCB0CEC7}.Debug|Any CPU.Build.0 = Debug|Any CPU
		{261FC7C4-EEEA-4002-AFBF-DBDFFCB0CEC7}.Release|Any CPU.ActiveCfg = Release|Any CPU
		{261FC7C4-EEEA-4002-AFBF-DBDFFCB0CEC7}.Release|Any CPU.Build.0 = Release|Any CPU
		{F1898D8E-48B1-4F13-8934-3B90E05BD03E}.Debug|Any CPU.ActiveCfg = Debug|Any CPU
		{F1898D8E-48B1-4F13-8934-3B90E05BD03E}.Debug|Any CPU.Build.0 = Debug|Any CPU
		{F1898D8E-48B1-4F13-8934-3B90E05BD03E}.Release|Any CPU.ActiveCfg = Release|Any CPU
		{F1898D8E-48B1-4F13-8934-3B90E05BD03E}.Release|Any CPU.Build.0 = Release|Any CPU
		{239D44D6-5EBE-41F5-9093-B865AEC513E7}.Debug|Any CPU.ActiveCfg = Debug|Any CPU
		{239D44D6-5EBE-41F5-9093-B865AEC513E7}.Debug|Any CPU.Build.0 = Debug|Any CPU
		{239D44D6-5EBE-41F5-9093-B865AEC513E7}.Release|Any CPU.ActiveCfg = Release|Any CPU
		{239D44D6-5EBE-41F5-9093-B865AEC513E7}.Release|Any CPU.Build.0 = Release|Any CPU
		{50A05D20-74BF-483C-AEC8-A130FF7FBE49}.Debug|Any CPU.ActiveCfg = Debug|Any CPU
		{50A05D20-74BF-483C-AEC8-A130FF7FBE49}.Debug|Any CPU.Build.0 = Debug|Any CPU
		{50A05D20-74BF-483C-AEC8-A130FF7FBE49}.Release|Any CPU.ActiveCfg = Release|Any CPU
		{50A05D20-74BF-483C-AEC8-A130FF7FBE49}.Release|Any CPU.Build.0 = Release|Any CPU
		{CB073C23-0B7C-46B3-AF27-CF8EF368B321}.Debug|Any CPU.ActiveCfg = Debug|Any CPU
		{CB073C23-0B7C-46B3-AF27-CF8EF368B321}.Debug|Any CPU.Build.0 = Debug|Any CPU
		{CB073C23-0B7C-46B3-AF27-CF8EF368B321}.Release|Any CPU.ActiveCfg = Release|Any CPU
		{CB073C23-0B7C-46B3-AF27-CF8EF368B321}.Release|Any CPU.Build.0 = Release|Any CPU
		{186475EB-EAB6-4F2D-8695-37B4FD82ADF3}.Debug|Any CPU.ActiveCfg = Debug|Any CPU
		{186475EB-EAB6-4F2D-8695-37B4FD82ADF3}.Debug|Any CPU.Build.0 = Debug|Any CPU
		{186475EB-EAB6-4F2D-8695-37B4FD82ADF3}.Release|Any CPU.ActiveCfg = Release|Any CPU
		{186475EB-EAB6-4F2D-8695-37B4FD82ADF3}.Release|Any CPU.Build.0 = Release|Any CPU
		{7BE549EA-A352-4058-A3B8-E85118D70DD3}.Debug|Any CPU.ActiveCfg = Debug|Any CPU
		{7BE549EA-A352-4058-A3B8-E85118D70DD3}.Debug|Any CPU.Build.0 = Debug|Any CPU
		{7BE549EA-A352-4058-A3B8-E85118D70DD3}.Release|Any CPU.ActiveCfg = Release|Any CPU
		{7BE549EA-A352-4058-A3B8-E85118D70DD3}.Release|Any CPU.Build.0 = Release|Any CPU
		{047B84CC-DB03-4FEF-9F1D-8D141660FD5B}.Debug|Any CPU.ActiveCfg = Debug|Any CPU
		{047B84CC-DB03-4FEF-9F1D-8D141660FD5B}.Debug|Any CPU.Build.0 = Debug|Any CPU
		{047B84CC-DB03-4FEF-9F1D-8D141660FD5B}.Release|Any CPU.ActiveCfg = Release|Any CPU
		{047B84CC-DB03-4FEF-9F1D-8D141660FD5B}.Release|Any CPU.Build.0 = Release|Any CPU
		{3B27C23E-ED36-40E3-A6E5-010C71538E62}.Debug|Any CPU.ActiveCfg = Debug|Any CPU
		{3B27C23E-ED36-40E3-A6E5-010C71538E62}.Debug|Any CPU.Build.0 = Debug|Any CPU
		{3B27C23E-ED36-40E3-A6E5-010C71538E62}.Release|Any CPU.ActiveCfg = Release|Any CPU
		{3B27C23E-ED36-40E3-A6E5-010C71538E62}.Release|Any CPU.Build.0 = Release|Any CPU
		{071764D4-3BD0-430F-BC6A-ABD1823129DE}.Debug|Any CPU.ActiveCfg = Debug|Any CPU
		{071764D4-3BD0-430F-BC6A-ABD1823129DE}.Debug|Any CPU.Build.0 = Debug|Any CPU
		{071764D4-3BD0-430F-BC6A-ABD1823129DE}.Release|Any CPU.ActiveCfg = Release|Any CPU
		{071764D4-3BD0-430F-BC6A-ABD1823129DE}.Release|Any CPU.Build.0 = Release|Any CPU
		{A6BD6AC2-DA75-4FC7-BFF1-00BFB4371E8E}.Debug|Any CPU.ActiveCfg = Debug|Any CPU
		{A6BD6AC2-DA75-4FC7-BFF1-00BFB4371E8E}.Debug|Any CPU.Build.0 = Debug|Any CPU
		{A6BD6AC2-DA75-4FC7-BFF1-00BFB4371E8E}.Release|Any CPU.ActiveCfg = Release|Any CPU
		{A6BD6AC2-DA75-4FC7-BFF1-00BFB4371E8E}.Release|Any CPU.Build.0 = Release|Any CPU
		{FCEB8B62-28A7-46A1-8502-5A1D6090F375}.Debug|Any CPU.ActiveCfg = Debug|Any CPU
		{FCEB8B62-28A7-46A1-8502-5A1D6090F375}.Debug|Any CPU.Build.0 = Debug|Any CPU
		{FCEB8B62-28A7-46A1-8502-5A1D6090F375}.Release|Any CPU.ActiveCfg = Release|Any CPU
		{FCEB8B62-28A7-46A1-8502-5A1D6090F375}.Release|Any CPU.Build.0 = Release|Any CPU
		{16ABD70A-8D9D-4F2C-9D3F-7891C59D7907}.Debug|Any CPU.ActiveCfg = Debug|Any CPU
		{16ABD70A-8D9D-4F2C-9D3F-7891C59D7907}.Debug|Any CPU.Build.0 = Debug|Any CPU
		{16ABD70A-8D9D-4F2C-9D3F-7891C59D7907}.Release|Any CPU.ActiveCfg = Release|Any CPU
		{16ABD70A-8D9D-4F2C-9D3F-7891C59D7907}.Release|Any CPU.Build.0 = Release|Any CPU
		{0F0EB7B2-2301-4D95-9FC0-688C92425B6C}.Debug|Any CPU.ActiveCfg = Debug|Any CPU
		{0F0EB7B2-2301-4D95-9FC0-688C92425B6C}.Debug|Any CPU.Build.0 = Debug|Any CPU
		{0F0EB7B2-2301-4D95-9FC0-688C92425B6C}.Release|Any CPU.ActiveCfg = Release|Any CPU
		{0F0EB7B2-2301-4D95-9FC0-688C92425B6C}.Release|Any CPU.Build.0 = Release|Any CPU
		{85E0E642-3B7F-43D0-90B8-3E7C7378BC77}.Debug|Any CPU.ActiveCfg = Debug|Any CPU
		{85E0E642-3B7F-43D0-90B8-3E7C7378BC77}.Debug|Any CPU.Build.0 = Debug|Any CPU
		{85E0E642-3B7F-43D0-90B8-3E7C7378BC77}.Release|Any CPU.ActiveCfg = Release|Any CPU
		{85E0E642-3B7F-43D0-90B8-3E7C7378BC77}.Release|Any CPU.Build.0 = Release|Any CPU
		{F3440D6B-34EE-4581-AFC0-6DC3C03101E6}.Debug|Any CPU.ActiveCfg = Debug|Any CPU
		{F3440D6B-34EE-4581-AFC0-6DC3C03101E6}.Debug|Any CPU.Build.0 = Debug|Any CPU
		{F3440D6B-34EE-4581-AFC0-6DC3C03101E6}.Release|Any CPU.ActiveCfg = Release|Any CPU
		{F3440D6B-34EE-4581-AFC0-6DC3C03101E6}.Release|Any CPU.Build.0 = Release|Any CPU
		{84B79C08-C23C-445C-B006-44876327557D}.Debug|Any CPU.ActiveCfg = Debug|Any CPU
		{84B79C08-C23C-445C-B006-44876327557D}.Debug|Any CPU.Build.0 = Debug|Any CPU
		{84B79C08-C23C-445C-B006-44876327557D}.Release|Any CPU.ActiveCfg = Release|Any CPU
		{84B79C08-C23C-445C-B006-44876327557D}.Release|Any CPU.Build.0 = Release|Any CPU
		{1FE484E6-8F0A-4D64-8B1F-9838A8B98012}.Debug|Any CPU.ActiveCfg = Debug|Any CPU
		{1FE484E6-8F0A-4D64-8B1F-9838A8B98012}.Debug|Any CPU.Build.0 = Debug|Any CPU
		{1FE484E6-8F0A-4D64-8B1F-9838A8B98012}.Release|Any CPU.ActiveCfg = Release|Any CPU
		{1FE484E6-8F0A-4D64-8B1F-9838A8B98012}.Release|Any CPU.Build.0 = Release|Any CPU
		{DF7DF4A4-D024-41F9-8B3F-4E107A8FF2A3}.Debug|Any CPU.ActiveCfg = Debug|Any CPU
		{DF7DF4A4-D024-41F9-8B3F-4E107A8FF2A3}.Debug|Any CPU.Build.0 = Debug|Any CPU
		{DF7DF4A4-D024-41F9-8B3F-4E107A8FF2A3}.Release|Any CPU.ActiveCfg = Release|Any CPU
		{DF7DF4A4-D024-41F9-8B3F-4E107A8FF2A3}.Release|Any CPU.Build.0 = Release|Any CPU
		{6CAA5343-EA5D-4D83-840C-941D768A906A}.Debug|Any CPU.ActiveCfg = Debug|Any CPU
		{6CAA5343-EA5D-4D83-840C-941D768A906A}.Debug|Any CPU.Build.0 = Debug|Any CPU
		{6CAA5343-EA5D-4D83-840C-941D768A906A}.Release|Any CPU.ActiveCfg = Release|Any CPU
		{6CAA5343-EA5D-4D83-840C-941D768A906A}.Release|Any CPU.Build.0 = Release|Any CPU
		{5EB2F937-F68C-49CB-B84B-C6313A316D62}.Debug|Any CPU.ActiveCfg = Debug|Any CPU
		{5EB2F937-F68C-49CB-B84B-C6313A316D62}.Debug|Any CPU.Build.0 = Debug|Any CPU
		{5EB2F937-F68C-49CB-B84B-C6313A316D62}.Release|Any CPU.ActiveCfg = Release|Any CPU
		{5EB2F937-F68C-49CB-B84B-C6313A316D62}.Release|Any CPU.Build.0 = Release|Any CPU
		{448CF6EF-D8EA-4800-9EB0-790A77BF8EFD}.Debug|Any CPU.ActiveCfg = Debug|Any CPU
		{448CF6EF-D8EA-4800-9EB0-790A77BF8EFD}.Debug|Any CPU.Build.0 = Debug|Any CPU
		{448CF6EF-D8EA-4800-9EB0-790A77BF8EFD}.Release|Any CPU.ActiveCfg = Release|Any CPU
		{448CF6EF-D8EA-4800-9EB0-790A77BF8EFD}.Release|Any CPU.Build.0 = Release|Any CPU
		{52190995-00D6-4469-A69E-D3A54A20CFC6}.Debug|Any CPU.ActiveCfg = Debug|Any CPU
		{52190995-00D6-4469-A69E-D3A54A20CFC6}.Debug|Any CPU.Build.0 = Debug|Any CPU
		{52190995-00D6-4469-A69E-D3A54A20CFC6}.Release|Any CPU.ActiveCfg = Release|Any CPU
		{52190995-00D6-4469-A69E-D3A54A20CFC6}.Release|Any CPU.Build.0 = Release|Any CPU
		{54B04B29-F162-40BF-9224-751103AE2628}.Debug|Any CPU.ActiveCfg = Debug|Any CPU
		{54B04B29-F162-40BF-9224-751103AE2628}.Debug|Any CPU.Build.0 = Debug|Any CPU
		{54B04B29-F162-40BF-9224-751103AE2628}.Release|Any CPU.ActiveCfg = Release|Any CPU
		{54B04B29-F162-40BF-9224-751103AE2628}.Release|Any CPU.Build.0 = Release|Any CPU
		{EB528302-CECD-46B6-9F0D-254AF4F0A747}.Debug|Any CPU.ActiveCfg = Debug|Any CPU
		{EB528302-CECD-46B6-9F0D-254AF4F0A747}.Debug|Any CPU.Build.0 = Debug|Any CPU
		{EB528302-CECD-46B6-9F0D-254AF4F0A747}.Release|Any CPU.ActiveCfg = Release|Any CPU
		{EB528302-CECD-46B6-9F0D-254AF4F0A747}.Release|Any CPU.Build.0 = Release|Any CPU
		{3D71E696-6BC6-42B6-B85B-9CAB9EBDE5CF}.Debug|Any CPU.ActiveCfg = Debug|Any CPU
		{3D71E696-6BC6-42B6-B85B-9CAB9EBDE5CF}.Debug|Any CPU.Build.0 = Debug|Any CPU
		{3D71E696-6BC6-42B6-B85B-9CAB9EBDE5CF}.Release|Any CPU.ActiveCfg = Release|Any CPU
		{3D71E696-6BC6-42B6-B85B-9CAB9EBDE5CF}.Release|Any CPU.Build.0 = Release|Any CPU
		{1D92412E-A3E4-496E-B22B-E40C8742CC7B}.Debug|Any CPU.ActiveCfg = Debug|Any CPU
		{1D92412E-A3E4-496E-B22B-E40C8742CC7B}.Debug|Any CPU.Build.0 = Debug|Any CPU
		{1D92412E-A3E4-496E-B22B-E40C8742CC7B}.Release|Any CPU.ActiveCfg = Release|Any CPU
		{1D92412E-A3E4-496E-B22B-E40C8742CC7B}.Release|Any CPU.Build.0 = Release|Any CPU
		{F6B2053E-81CD-4EAF-9BB4-7C54B68827C9}.Debug|Any CPU.ActiveCfg = Debug|Any CPU
		{F6B2053E-81CD-4EAF-9BB4-7C54B68827C9}.Debug|Any CPU.Build.0 = Debug|Any CPU
		{F6B2053E-81CD-4EAF-9BB4-7C54B68827C9}.Release|Any CPU.ActiveCfg = Release|Any CPU
		{F6B2053E-81CD-4EAF-9BB4-7C54B68827C9}.Release|Any CPU.Build.0 = Release|Any CPU
		{A3735723-9380-4D90-98A0-85A42431ED7A}.Debug|Any CPU.ActiveCfg = Debug|Any CPU
		{A3735723-9380-4D90-98A0-85A42431ED7A}.Debug|Any CPU.Build.0 = Debug|Any CPU
		{A3735723-9380-4D90-98A0-85A42431ED7A}.Release|Any CPU.ActiveCfg = Release|Any CPU
		{A3735723-9380-4D90-98A0-85A42431ED7A}.Release|Any CPU.Build.0 = Release|Any CPU
		{82DAAE9D-4C15-4872-8746-4109DE6E6213}.Debug|Any CPU.ActiveCfg = Debug|Any CPU
		{82DAAE9D-4C15-4872-8746-4109DE6E6213}.Debug|Any CPU.Build.0 = Debug|Any CPU
		{82DAAE9D-4C15-4872-8746-4109DE6E6213}.Release|Any CPU.ActiveCfg = Release|Any CPU
		{82DAAE9D-4C15-4872-8746-4109DE6E6213}.Release|Any CPU.Build.0 = Release|Any CPU
		{95EE30F0-ED7A-4270-BD19-06BC17C9BE21}.Debug|Any CPU.ActiveCfg = Debug|Any CPU
		{95EE30F0-ED7A-4270-BD19-06BC17C9BE21}.Debug|Any CPU.Build.0 = Debug|Any CPU
		{95EE30F0-ED7A-4270-BD19-06BC17C9BE21}.Release|Any CPU.ActiveCfg = Release|Any CPU
		{95EE30F0-ED7A-4270-BD19-06BC17C9BE21}.Release|Any CPU.Build.0 = Release|Any CPU
		{5126A178-26E6-40C5-96EF-384098CC5DA8}.Debug|Any CPU.ActiveCfg = Debug|Any CPU
		{5126A178-26E6-40C5-96EF-384098CC5DA8}.Debug|Any CPU.Build.0 = Debug|Any CPU
		{5126A178-26E6-40C5-96EF-384098CC5DA8}.Release|Any CPU.ActiveCfg = Release|Any CPU
		{5126A178-26E6-40C5-96EF-384098CC5DA8}.Release|Any CPU.Build.0 = Release|Any CPU
		{C8C61843-4CF1-4B19-8A28-02C4F11064C0}.Debug|Any CPU.ActiveCfg = Debug|Any CPU
		{C8C61843-4CF1-4B19-8A28-02C4F11064C0}.Debug|Any CPU.Build.0 = Debug|Any CPU
		{C8C61843-4CF1-4B19-8A28-02C4F11064C0}.Release|Any CPU.ActiveCfg = Release|Any CPU
		{C8C61843-4CF1-4B19-8A28-02C4F11064C0}.Release|Any CPU.Build.0 = Release|Any CPU
		{F5FC2D1D-534F-41F4-AFA6-2DCE19FF2263}.Debug|Any CPU.ActiveCfg = Debug|Any CPU
		{F5FC2D1D-534F-41F4-AFA6-2DCE19FF2263}.Debug|Any CPU.Build.0 = Debug|Any CPU
		{F5FC2D1D-534F-41F4-AFA6-2DCE19FF2263}.Release|Any CPU.ActiveCfg = Release|Any CPU
		{F5FC2D1D-534F-41F4-AFA6-2DCE19FF2263}.Release|Any CPU.Build.0 = Release|Any CPU
		{53B09E6D-A6E6-41F7-8330-38C9D3FBDC37}.Debug|Any CPU.ActiveCfg = Debug|Any CPU
		{53B09E6D-A6E6-41F7-8330-38C9D3FBDC37}.Debug|Any CPU.Build.0 = Debug|Any CPU
		{53B09E6D-A6E6-41F7-8330-38C9D3FBDC37}.Release|Any CPU.ActiveCfg = Release|Any CPU
		{53B09E6D-A6E6-41F7-8330-38C9D3FBDC37}.Release|Any CPU.Build.0 = Release|Any CPU
		{C52C328F-B7B6-4F02-813E-B03768BB57F6}.Debug|Any CPU.ActiveCfg = Debug|Any CPU
		{C52C328F-B7B6-4F02-813E-B03768BB57F6}.Debug|Any CPU.Build.0 = Debug|Any CPU
		{C52C328F-B7B6-4F02-813E-B03768BB57F6}.Release|Any CPU.ActiveCfg = Release|Any CPU
		{C52C328F-B7B6-4F02-813E-B03768BB57F6}.Release|Any CPU.Build.0 = Release|Any CPU
		{E36E3F2A-4818-40C7-A5EA-24E8DC9D8AE9}.Debug|Any CPU.ActiveCfg = Debug|Any CPU
		{E36E3F2A-4818-40C7-A5EA-24E8DC9D8AE9}.Debug|Any CPU.Build.0 = Debug|Any CPU
		{E36E3F2A-4818-40C7-A5EA-24E8DC9D8AE9}.Release|Any CPU.ActiveCfg = Release|Any CPU
		{E36E3F2A-4818-40C7-A5EA-24E8DC9D8AE9}.Release|Any CPU.Build.0 = Release|Any CPU
		{AA5CB32D-BBAA-4628-B100-04A64F7B2E0B}.Debug|Any CPU.ActiveCfg = Debug|Any CPU
		{AA5CB32D-BBAA-4628-B100-04A64F7B2E0B}.Debug|Any CPU.Build.0 = Debug|Any CPU
		{AA5CB32D-BBAA-4628-B100-04A64F7B2E0B}.Release|Any CPU.ActiveCfg = Release|Any CPU
		{AA5CB32D-BBAA-4628-B100-04A64F7B2E0B}.Release|Any CPU.Build.0 = Release|Any CPU
		{2C900D55-82CD-493C-82EE-126C296CEB62}.Debug|Any CPU.ActiveCfg = Debug|Any CPU
		{2C900D55-82CD-493C-82EE-126C296CEB62}.Debug|Any CPU.Build.0 = Debug|Any CPU
		{2C900D55-82CD-493C-82EE-126C296CEB62}.Release|Any CPU.ActiveCfg = Release|Any CPU
		{2C900D55-82CD-493C-82EE-126C296CEB62}.Release|Any CPU.Build.0 = Release|Any CPU
		{3F9276C0-2C97-4E26-9B1A-63CEADF60A15}.Debug|Any CPU.ActiveCfg = Debug|Any CPU
		{3F9276C0-2C97-4E26-9B1A-63CEADF60A15}.Debug|Any CPU.Build.0 = Debug|Any CPU
		{3F9276C0-2C97-4E26-9B1A-63CEADF60A15}.Release|Any CPU.ActiveCfg = Release|Any CPU
		{3F9276C0-2C97-4E26-9B1A-63CEADF60A15}.Release|Any CPU.Build.0 = Release|Any CPU
		{AE5C37D6-E838-440C-90AE-33ED8AEDCCBB}.Debug|Any CPU.ActiveCfg = Debug|Any CPU
		{AE5C37D6-E838-440C-90AE-33ED8AEDCCBB}.Debug|Any CPU.Build.0 = Debug|Any CPU
		{AE5C37D6-E838-440C-90AE-33ED8AEDCCBB}.Release|Any CPU.ActiveCfg = Release|Any CPU
		{AE5C37D6-E838-440C-90AE-33ED8AEDCCBB}.Release|Any CPU.Build.0 = Release|Any CPU
		{E9880465-42EA-4927-80B5-A506456896CB}.Debug|Any CPU.ActiveCfg = Debug|Any CPU
		{E9880465-42EA-4927-80B5-A506456896CB}.Debug|Any CPU.Build.0 = Debug|Any CPU
		{E9880465-42EA-4927-80B5-A506456896CB}.Release|Any CPU.ActiveCfg = Release|Any CPU
		{E9880465-42EA-4927-80B5-A506456896CB}.Release|Any CPU.Build.0 = Release|Any CPU
		{93845AD6-9D45-4E3B-9510-87EB435D724C}.Debug|Any CPU.ActiveCfg = Debug|Any CPU
		{93845AD6-9D45-4E3B-9510-87EB435D724C}.Debug|Any CPU.Build.0 = Debug|Any CPU
		{93845AD6-9D45-4E3B-9510-87EB435D724C}.Release|Any CPU.ActiveCfg = Release|Any CPU
		{93845AD6-9D45-4E3B-9510-87EB435D724C}.Release|Any CPU.Build.0 = Release|Any CPU
		{D08B1F49-2AEB-4C34-9743-510016DF3E3C}.Debug|Any CPU.ActiveCfg = Debug|Any CPU
		{D08B1F49-2AEB-4C34-9743-510016DF3E3C}.Debug|Any CPU.Build.0 = Debug|Any CPU
		{D08B1F49-2AEB-4C34-9743-510016DF3E3C}.Release|Any CPU.ActiveCfg = Release|Any CPU
		{D08B1F49-2AEB-4C34-9743-510016DF3E3C}.Release|Any CPU.Build.0 = Release|Any CPU
		{41626997-2D03-487B-A7CF-FF9D852663BC}.Debug|Any CPU.ActiveCfg = Debug|Any CPU
		{41626997-2D03-487B-A7CF-FF9D852663BC}.Debug|Any CPU.Build.0 = Debug|Any CPU
		{41626997-2D03-487B-A7CF-FF9D852663BC}.Release|Any CPU.ActiveCfg = Release|Any CPU
		{41626997-2D03-487B-A7CF-FF9D852663BC}.Release|Any CPU.Build.0 = Release|Any CPU
		{EEC73E9F-6074-4DA9-89A1-5652A245BE41}.Debug|Any CPU.ActiveCfg = Debug|Any CPU
		{EEC73E9F-6074-4DA9-89A1-5652A245BE41}.Debug|Any CPU.Build.0 = Debug|Any CPU
		{EEC73E9F-6074-4DA9-89A1-5652A245BE41}.Release|Any CPU.ActiveCfg = Release|Any CPU
		{EEC73E9F-6074-4DA9-89A1-5652A245BE41}.Release|Any CPU.Build.0 = Release|Any CPU
		{0E44C09C-7958-4A02-824D-E799C815A3DB}.Debug|Any CPU.ActiveCfg = Debug|Any CPU
		{0E44C09C-7958-4A02-824D-E799C815A3DB}.Debug|Any CPU.Build.0 = Debug|Any CPU
		{0E44C09C-7958-4A02-824D-E799C815A3DB}.Release|Any CPU.ActiveCfg = Release|Any CPU
		{0E44C09C-7958-4A02-824D-E799C815A3DB}.Release|Any CPU.Build.0 = Release|Any CPU
		{4C2F49BF-53F0-478F-9F6D-D2913387A280}.Debug|Any CPU.ActiveCfg = Debug|Any CPU
		{4C2F49BF-53F0-478F-9F6D-D2913387A280}.Debug|Any CPU.Build.0 = Debug|Any CPU
		{4C2F49BF-53F0-478F-9F6D-D2913387A280}.Release|Any CPU.ActiveCfg = Release|Any CPU
		{4C2F49BF-53F0-478F-9F6D-D2913387A280}.Release|Any CPU.Build.0 = Release|Any CPU
		{AA900606-4C32-4602-AEF0-72ED251E9AFA}.Debug|Any CPU.ActiveCfg = Debug|Any CPU
		{AA900606-4C32-4602-AEF0-72ED251E9AFA}.Debug|Any CPU.Build.0 = Debug|Any CPU
		{AA900606-4C32-4602-AEF0-72ED251E9AFA}.Release|Any CPU.ActiveCfg = Release|Any CPU
		{AA900606-4C32-4602-AEF0-72ED251E9AFA}.Release|Any CPU.Build.0 = Release|Any CPU
		{3F946747-066C-4615-AAF8-692C3A2A3926}.Debug|Any CPU.ActiveCfg = Debug|Any CPU
		{3F946747-066C-4615-AAF8-692C3A2A3926}.Debug|Any CPU.Build.0 = Debug|Any CPU
		{3F946747-066C-4615-AAF8-692C3A2A3926}.Release|Any CPU.ActiveCfg = Release|Any CPU
		{3F946747-066C-4615-AAF8-692C3A2A3926}.Release|Any CPU.Build.0 = Release|Any CPU
		{E2F5DC89-41E3-4E4D-946B-0D5FF1BC0215}.Debug|Any CPU.ActiveCfg = Debug|Any CPU
		{E2F5DC89-41E3-4E4D-946B-0D5FF1BC0215}.Debug|Any CPU.Build.0 = Debug|Any CPU
		{E2F5DC89-41E3-4E4D-946B-0D5FF1BC0215}.Release|Any CPU.ActiveCfg = Release|Any CPU
		{E2F5DC89-41E3-4E4D-946B-0D5FF1BC0215}.Release|Any CPU.Build.0 = Release|Any CPU
		{AAB90E92-EA76-4091-88DF-D5A3760577BD}.Debug|Any CPU.ActiveCfg = Debug|Any CPU
		{AAB90E92-EA76-4091-88DF-D5A3760577BD}.Debug|Any CPU.Build.0 = Debug|Any CPU
		{AAB90E92-EA76-4091-88DF-D5A3760577BD}.Release|Any CPU.ActiveCfg = Release|Any CPU
		{AAB90E92-EA76-4091-88DF-D5A3760577BD}.Release|Any CPU.Build.0 = Release|Any CPU
		{3C4C4EDC-8FD0-47C6-B654-D8A0A460C5F1}.Debug|Any CPU.ActiveCfg = Debug|Any CPU
		{3C4C4EDC-8FD0-47C6-B654-D8A0A460C5F1}.Debug|Any CPU.Build.0 = Debug|Any CPU
		{3C4C4EDC-8FD0-47C6-B654-D8A0A460C5F1}.Release|Any CPU.ActiveCfg = Release|Any CPU
		{3C4C4EDC-8FD0-47C6-B654-D8A0A460C5F1}.Release|Any CPU.Build.0 = Release|Any CPU
		{27C7141E-84B8-4326-98B7-0AF29AFB102B}.Debug|Any CPU.ActiveCfg = Debug|Any CPU
		{27C7141E-84B8-4326-98B7-0AF29AFB102B}.Debug|Any CPU.Build.0 = Debug|Any CPU
		{27C7141E-84B8-4326-98B7-0AF29AFB102B}.Release|Any CPU.ActiveCfg = Release|Any CPU
		{27C7141E-84B8-4326-98B7-0AF29AFB102B}.Release|Any CPU.Build.0 = Release|Any CPU
		{C06D3C26-3B33-46B4-858A-811E347E12E0}.Debug|Any CPU.ActiveCfg = Debug|Any CPU
		{C06D3C26-3B33-46B4-858A-811E347E12E0}.Debug|Any CPU.Build.0 = Debug|Any CPU
		{C06D3C26-3B33-46B4-858A-811E347E12E0}.Release|Any CPU.ActiveCfg = Release|Any CPU
		{C06D3C26-3B33-46B4-858A-811E347E12E0}.Release|Any CPU.Build.0 = Release|Any CPU
		{30F20E0D-FE45-4D19-9AF0-7E220BC09A79}.Debug|Any CPU.ActiveCfg = Debug|Any CPU
		{30F20E0D-FE45-4D19-9AF0-7E220BC09A79}.Debug|Any CPU.Build.0 = Debug|Any CPU
		{30F20E0D-FE45-4D19-9AF0-7E220BC09A79}.Release|Any CPU.ActiveCfg = Release|Any CPU
		{30F20E0D-FE45-4D19-9AF0-7E220BC09A79}.Release|Any CPU.Build.0 = Release|Any CPU
		{E320410A-D684-4278-8D12-2399FBBFB6C5}.Debug|Any CPU.ActiveCfg = Debug|Any CPU
		{E320410A-D684-4278-8D12-2399FBBFB6C5}.Debug|Any CPU.Build.0 = Debug|Any CPU
		{E320410A-D684-4278-8D12-2399FBBFB6C5}.Release|Any CPU.ActiveCfg = Release|Any CPU
		{E320410A-D684-4278-8D12-2399FBBFB6C5}.Release|Any CPU.Build.0 = Release|Any CPU
		{1FB0CE8F-4C2C-4D3A-9706-15E970A46456}.Debug|Any CPU.ActiveCfg = Debug|Any CPU
		{1FB0CE8F-4C2C-4D3A-9706-15E970A46456}.Debug|Any CPU.Build.0 = Debug|Any CPU
		{1FB0CE8F-4C2C-4D3A-9706-15E970A46456}.Release|Any CPU.ActiveCfg = Release|Any CPU
		{1FB0CE8F-4C2C-4D3A-9706-15E970A46456}.Release|Any CPU.Build.0 = Release|Any CPU
		{31C2A563-BFFA-4FD5-826B-7CCE04FD7008}.Debug|Any CPU.ActiveCfg = Debug|Any CPU
		{31C2A563-BFFA-4FD5-826B-7CCE04FD7008}.Debug|Any CPU.Build.0 = Debug|Any CPU
		{31C2A563-BFFA-4FD5-826B-7CCE04FD7008}.Release|Any CPU.ActiveCfg = Release|Any CPU
		{31C2A563-BFFA-4FD5-826B-7CCE04FD7008}.Release|Any CPU.Build.0 = Release|Any CPU
		{A9633826-7CDA-43C9-A0BD-44563956838B}.Debug|Any CPU.ActiveCfg = Debug|Any CPU
		{A9633826-7CDA-43C9-A0BD-44563956838B}.Debug|Any CPU.Build.0 = Debug|Any CPU
		{A9633826-7CDA-43C9-A0BD-44563956838B}.Release|Any CPU.ActiveCfg = Release|Any CPU
		{A9633826-7CDA-43C9-A0BD-44563956838B}.Release|Any CPU.Build.0 = Release|Any CPU
		{ACFB05AF-83B2-4C91-B7D4-63A9AA6B15D3}.Debug|Any CPU.ActiveCfg = Debug|Any CPU
		{ACFB05AF-83B2-4C91-B7D4-63A9AA6B15D3}.Debug|Any CPU.Build.0 = Debug|Any CPU
		{ACFB05AF-83B2-4C91-B7D4-63A9AA6B15D3}.Release|Any CPU.ActiveCfg = Release|Any CPU
		{ACFB05AF-83B2-4C91-B7D4-63A9AA6B15D3}.Release|Any CPU.Build.0 = Release|Any CPU
		{E15ED9BD-9CF1-4B5E-8C2A-4B87080E4A0B}.Debug|Any CPU.ActiveCfg = Debug|Any CPU
		{E15ED9BD-9CF1-4B5E-8C2A-4B87080E4A0B}.Debug|Any CPU.Build.0 = Debug|Any CPU
		{E15ED9BD-9CF1-4B5E-8C2A-4B87080E4A0B}.Release|Any CPU.ActiveCfg = Release|Any CPU
		{E15ED9BD-9CF1-4B5E-8C2A-4B87080E4A0B}.Release|Any CPU.Build.0 = Release|Any CPU
		{6E78DA5E-4B85-4521-BB45-3340827A9A35}.Debug|Any CPU.ActiveCfg = Debug|Any CPU
		{6E78DA5E-4B85-4521-BB45-3340827A9A35}.Debug|Any CPU.Build.0 = Debug|Any CPU
		{6E78DA5E-4B85-4521-BB45-3340827A9A35}.Release|Any CPU.ActiveCfg = Release|Any CPU
		{6E78DA5E-4B85-4521-BB45-3340827A9A35}.Release|Any CPU.Build.0 = Release|Any CPU
		{021D0F78-6503-443C-8371-9C78B3003547}.Debug|Any CPU.ActiveCfg = Debug|Any CPU
		{021D0F78-6503-443C-8371-9C78B3003547}.Debug|Any CPU.Build.0 = Debug|Any CPU
		{021D0F78-6503-443C-8371-9C78B3003547}.Release|Any CPU.ActiveCfg = Release|Any CPU
		{021D0F78-6503-443C-8371-9C78B3003547}.Release|Any CPU.Build.0 = Release|Any CPU
		{BDDD908E-0FAE-4BD9-A8F0-CC973CCA5054}.Debug|Any CPU.ActiveCfg = Debug|Any CPU
		{BDDD908E-0FAE-4BD9-A8F0-CC973CCA5054}.Debug|Any CPU.Build.0 = Debug|Any CPU
		{BDDD908E-0FAE-4BD9-A8F0-CC973CCA5054}.Release|Any CPU.ActiveCfg = Release|Any CPU
		{BDDD908E-0FAE-4BD9-A8F0-CC973CCA5054}.Release|Any CPU.Build.0 = Release|Any CPU
		{F759BF6B-8FF7-4206-A1C0-CBEB2849F884}.Debug|Any CPU.ActiveCfg = Debug|Any CPU
		{F759BF6B-8FF7-4206-A1C0-CBEB2849F884}.Debug|Any CPU.Build.0 = Debug|Any CPU
		{F759BF6B-8FF7-4206-A1C0-CBEB2849F884}.Release|Any CPU.ActiveCfg = Release|Any CPU
		{F759BF6B-8FF7-4206-A1C0-CBEB2849F884}.Release|Any CPU.Build.0 = Release|Any CPU
		{0B3ACFCC-02D3-483C-8DBE-913AD27C1766}.Debug|Any CPU.ActiveCfg = Debug|Any CPU
		{0B3ACFCC-02D3-483C-8DBE-913AD27C1766}.Debug|Any CPU.Build.0 = Debug|Any CPU
		{0B3ACFCC-02D3-483C-8DBE-913AD27C1766}.Release|Any CPU.ActiveCfg = Release|Any CPU
		{0B3ACFCC-02D3-483C-8DBE-913AD27C1766}.Release|Any CPU.Build.0 = Release|Any CPU
		{EF7D5CEA-DB00-4AE7-A5AB-44E35CFBAA4C}.Debug|Any CPU.ActiveCfg = Debug|Any CPU
		{EF7D5CEA-DB00-4AE7-A5AB-44E35CFBAA4C}.Debug|Any CPU.Build.0 = Debug|Any CPU
		{EF7D5CEA-DB00-4AE7-A5AB-44E35CFBAA4C}.Release|Any CPU.ActiveCfg = Release|Any CPU
		{EF7D5CEA-DB00-4AE7-A5AB-44E35CFBAA4C}.Release|Any CPU.Build.0 = Release|Any CPU
		{85B8D8AD-8AFE-4E26-8E16-0C2409021543}.Debug|Any CPU.ActiveCfg = Debug|Any CPU
		{85B8D8AD-8AFE-4E26-8E16-0C2409021543}.Debug|Any CPU.Build.0 = Debug|Any CPU
		{85B8D8AD-8AFE-4E26-8E16-0C2409021543}.Release|Any CPU.ActiveCfg = Release|Any CPU
		{85B8D8AD-8AFE-4E26-8E16-0C2409021543}.Release|Any CPU.Build.0 = Release|Any CPU
		{42F6BE67-58B4-469D-BF3A-4025858FCE58}.Debug|Any CPU.ActiveCfg = Debug|Any CPU
		{42F6BE67-58B4-469D-BF3A-4025858FCE58}.Debug|Any CPU.Build.0 = Debug|Any CPU
		{42F6BE67-58B4-469D-BF3A-4025858FCE58}.Release|Any CPU.ActiveCfg = Release|Any CPU
		{42F6BE67-58B4-469D-BF3A-4025858FCE58}.Release|Any CPU.Build.0 = Release|Any CPU
		{EA914AEF-E1DD-42B8-931F-AC0D7C1B890F}.Debug|Any CPU.ActiveCfg = Debug|Any CPU
		{EA914AEF-E1DD-42B8-931F-AC0D7C1B890F}.Debug|Any CPU.Build.0 = Debug|Any CPU
		{EA914AEF-E1DD-42B8-931F-AC0D7C1B890F}.Release|Any CPU.ActiveCfg = Release|Any CPU
		{EA914AEF-E1DD-42B8-931F-AC0D7C1B890F}.Release|Any CPU.Build.0 = Release|Any CPU
		{2B50850B-BC25-4ED4-B230-4ACF4834B0FA}.Debug|Any CPU.ActiveCfg = Debug|Any CPU
		{2B50850B-BC25-4ED4-B230-4ACF4834B0FA}.Debug|Any CPU.Build.0 = Debug|Any CPU
		{2B50850B-BC25-4ED4-B230-4ACF4834B0FA}.Release|Any CPU.ActiveCfg = Release|Any CPU
		{2B50850B-BC25-4ED4-B230-4ACF4834B0FA}.Release|Any CPU.Build.0 = Release|Any CPU
		{F4807A0E-01C7-4428-8C62-7FE629BB8F44}.Debug|Any CPU.ActiveCfg = Debug|Any CPU
		{F4807A0E-01C7-4428-8C62-7FE629BB8F44}.Debug|Any CPU.Build.0 = Debug|Any CPU
		{F4807A0E-01C7-4428-8C62-7FE629BB8F44}.Release|Any CPU.ActiveCfg = Release|Any CPU
		{F4807A0E-01C7-4428-8C62-7FE629BB8F44}.Release|Any CPU.Build.0 = Release|Any CPU
		{E425F3AE-98E9-4BFB-9843-E05748A17D7B}.Debug|Any CPU.ActiveCfg = Debug|Any CPU
		{E425F3AE-98E9-4BFB-9843-E05748A17D7B}.Debug|Any CPU.Build.0 = Debug|Any CPU
		{E425F3AE-98E9-4BFB-9843-E05748A17D7B}.Release|Any CPU.ActiveCfg = Release|Any CPU
		{E425F3AE-98E9-4BFB-9843-E05748A17D7B}.Release|Any CPU.Build.0 = Release|Any CPU
		{93A0DA74-C09C-4056-81AF-B924A57F6F81}.Debug|Any CPU.ActiveCfg = Debug|Any CPU
		{93A0DA74-C09C-4056-81AF-B924A57F6F81}.Debug|Any CPU.Build.0 = Debug|Any CPU
		{93A0DA74-C09C-4056-81AF-B924A57F6F81}.Release|Any CPU.ActiveCfg = Release|Any CPU
		{93A0DA74-C09C-4056-81AF-B924A57F6F81}.Release|Any CPU.Build.0 = Release|Any CPU
	EndGlobalSection
	GlobalSection(SolutionProperties) = preSolution
		HideSolutionNode = FALSE
	EndGlobalSection
	GlobalSection(NestedProjects) = preSolution
		{4EFE4CE6-0ACA-45B6-9176-78DBC5E99E0A} = {363F8054-2C5E-4901-8A9D-5A44FB764E06}
		{6E00B430-06D9-45EB-9232-4203773F93E9} = {363F8054-2C5E-4901-8A9D-5A44FB764E06}
		{89E9C62C-B3A1-4E6A-92A3-78A5843C2A06} = {363F8054-2C5E-4901-8A9D-5A44FB764E06}
		{F3F1044E-6CD4-4289-B77F-9DA3A193A4DC} = {363F8054-2C5E-4901-8A9D-5A44FB764E06}
		{A0A8849C-5107-4897-B345-BF0481D84B11} = {363F8054-2C5E-4901-8A9D-5A44FB764E06}
		{49B40915-E95D-42ED-B572-837C417ED30D} = {363F8054-2C5E-4901-8A9D-5A44FB764E06}
		{67A4B436-6834-40A0-A0BC-D23339E7453C} = {363F8054-2C5E-4901-8A9D-5A44FB764E06}
		{519867AD-FE51-411C-BEF0-298585689485} = {363F8054-2C5E-4901-8A9D-5A44FB764E06}
		{A1F63495-E465-4EAE-94CE-EA1338019E84} = {363F8054-2C5E-4901-8A9D-5A44FB764E06}
		{F5CCA135-BAF1-40B8-B7E5-DE5F5E797765} = {F79052B0-EAB7-4E07-8189-34C4A45A2953}
		{07261587-D559-4D34-A2EC-1A95BBB29111} = {F79052B0-EAB7-4E07-8189-34C4A45A2953}
		{0B8ECFC2-4303-4822-8558-28372E1187FD} = {F79052B0-EAB7-4E07-8189-34C4A45A2953}
		{13F6C188-533B-4900-B709-F0714D45FC73} = {F79052B0-EAB7-4E07-8189-34C4A45A2953}
		{585B3E6C-778C-47F8-910E-82E3B18A06C0} = {F79052B0-EAB7-4E07-8189-34C4A45A2953}
		{10983FAB-21FC-496E-B222-72FC8EF4D04E} = {F79052B0-EAB7-4E07-8189-34C4A45A2953}
		{5B36F28E-D871-45D7-8A0A-3405D6773DFB} = {F79052B0-EAB7-4E07-8189-34C4A45A2953}
		{FBCCBB42-FEAF-4147-B805-FD3D4DD575B3} = {FD1650DA-8D0F-4530-9A14-1BC246BBCF3A}
		{EA3435AA-C107-413F-8EFA-89271E329B51} = {FD1650DA-8D0F-4530-9A14-1BC246BBCF3A}
		{2A2074BD-EF3C-4C80-865C-F9BCC4DDC57E} = {FD1650DA-8D0F-4530-9A14-1BC246BBCF3A}
		{0D676D4F-B185-48C2-9EF9-6EAACC110989} = {FD1650DA-8D0F-4530-9A14-1BC246BBCF3A}
		{046E9558-7EE6-4585-90A0-BD5AAF569A9D} = {FD1650DA-8D0F-4530-9A14-1BC246BBCF3A}
		{42BB2766-FCE3-42B2-BAA2-00F520DC6271} = {FD1650DA-8D0F-4530-9A14-1BC246BBCF3A}
		{E5AD83C8-F833-435C-95A5-DAAD83E3BE21} = {FD1650DA-8D0F-4530-9A14-1BC246BBCF3A}
		{052A40EE-3943-4F2F-AE7B-DDAF322F0290} = {FD1650DA-8D0F-4530-9A14-1BC246BBCF3A}
		{CD9D023D-4B93-4B78-BA20-C67CA8A96873} = {A02AC9FC-971C-4122-BA9B-25A3154CC3B8}
		{EF511776-73E3-42C7-B830-ADE04975DA67} = {A02AC9FC-971C-4122-BA9B-25A3154CC3B8}
		{99648330-6337-4ED8-907C-5E4A842E337E} = {A02AC9FC-971C-4122-BA9B-25A3154CC3B8}
		{AC73E944-BD6A-417B-BE7A-EDBE2C9A7D3A} = {A02AC9FC-971C-4122-BA9B-25A3154CC3B8}
		{261FC7C4-EEEA-4002-AFBF-DBDFFCB0CEC7} = {A02AC9FC-971C-4122-BA9B-25A3154CC3B8}
		{F1898D8E-48B1-4F13-8934-3B90E05BD03E} = {A02AC9FC-971C-4122-BA9B-25A3154CC3B8}
		{239D44D6-5EBE-41F5-9093-B865AEC513E7} = {A02AC9FC-971C-4122-BA9B-25A3154CC3B8}
		{50A05D20-74BF-483C-AEC8-A130FF7FBE49} = {A02AC9FC-971C-4122-BA9B-25A3154CC3B8}
		{CB073C23-0B7C-46B3-AF27-CF8EF368B321} = {A02AC9FC-971C-4122-BA9B-25A3154CC3B8}
		{186475EB-EAB6-4F2D-8695-37B4FD82ADF3} = {A02AC9FC-971C-4122-BA9B-25A3154CC3B8}
		{7BE549EA-A352-4058-A3B8-E85118D70DD3} = {A02AC9FC-971C-4122-BA9B-25A3154CC3B8}
		{047B84CC-DB03-4FEF-9F1D-8D141660FD5B} = {A02AC9FC-971C-4122-BA9B-25A3154CC3B8}
		{3B27C23E-ED36-40E3-A6E5-010C71538E62} = {1D2E8986-8765-4FF6-A4A0-605C683669DF}
		{071764D4-3BD0-430F-BC6A-ABD1823129DE} = {1D2E8986-8765-4FF6-A4A0-605C683669DF}
		{A6BD6AC2-DA75-4FC7-BFF1-00BFB4371E8E} = {1D2E8986-8765-4FF6-A4A0-605C683669DF}
		{FCEB8B62-28A7-46A1-8502-5A1D6090F375} = {1D2E8986-8765-4FF6-A4A0-605C683669DF}
		{16ABD70A-8D9D-4F2C-9D3F-7891C59D7907} = {1D2E8986-8765-4FF6-A4A0-605C683669DF}
		{0F0EB7B2-2301-4D95-9FC0-688C92425B6C} = {1D2E8986-8765-4FF6-A4A0-605C683669DF}
		{85E0E642-3B7F-43D0-90B8-3E7C7378BC77} = {1D2E8986-8765-4FF6-A4A0-605C683669DF}
		{F3440D6B-34EE-4581-AFC0-6DC3C03101E6} = {1D2E8986-8765-4FF6-A4A0-605C683669DF}
		{84B79C08-C23C-445C-B006-44876327557D} = {1D2E8986-8765-4FF6-A4A0-605C683669DF}
		{1FE484E6-8F0A-4D64-8B1F-9838A8B98012} = {F3080CBD-4567-498C-8E83-B4F14D88681B}
		{DF7DF4A4-D024-41F9-8B3F-4E107A8FF2A3} = {F3080CBD-4567-498C-8E83-B4F14D88681B}
		{6CAA5343-EA5D-4D83-840C-941D768A906A} = {F3080CBD-4567-498C-8E83-B4F14D88681B}
		{5EB2F937-F68C-49CB-B84B-C6313A316D62} = {F3080CBD-4567-498C-8E83-B4F14D88681B}
		{448CF6EF-D8EA-4800-9EB0-790A77BF8EFD} = {F3080CBD-4567-498C-8E83-B4F14D88681B}
		{52190995-00D6-4469-A69E-D3A54A20CFC6} = {F3080CBD-4567-498C-8E83-B4F14D88681B}
		{54B04B29-F162-40BF-9224-751103AE2628} = {F3080CBD-4567-498C-8E83-B4F14D88681B}
		{EB528302-CECD-46B6-9F0D-254AF4F0A747} = {F3080CBD-4567-498C-8E83-B4F14D88681B}
		{3D71E696-6BC6-42B6-B85B-9CAB9EBDE5CF} = {F3080CBD-4567-498C-8E83-B4F14D88681B}
		{1D92412E-A3E4-496E-B22B-E40C8742CC7B} = {F3080CBD-4567-498C-8E83-B4F14D88681B}
		{F6B2053E-81CD-4EAF-9BB4-7C54B68827C9} = {ACFD8520-1709-4B78-9EBE-70899A5618D4}
		{A3735723-9380-4D90-98A0-85A42431ED7A} = {ACFD8520-1709-4B78-9EBE-70899A5618D4}
		{82DAAE9D-4C15-4872-8746-4109DE6E6213} = {ACFD8520-1709-4B78-9EBE-70899A5618D4}
		{95EE30F0-ED7A-4270-BD19-06BC17C9BE21} = {ACFD8520-1709-4B78-9EBE-70899A5618D4}
		{5126A178-26E6-40C5-96EF-384098CC5DA8} = {ACFD8520-1709-4B78-9EBE-70899A5618D4}
		{C8C61843-4CF1-4B19-8A28-02C4F11064C0} = {ACFD8520-1709-4B78-9EBE-70899A5618D4}
		{F5FC2D1D-534F-41F4-AFA6-2DCE19FF2263} = {ACFD8520-1709-4B78-9EBE-70899A5618D4}
		{53B09E6D-A6E6-41F7-8330-38C9D3FBDC37} = {ACFD8520-1709-4B78-9EBE-70899A5618D4}
		{C52C328F-B7B6-4F02-813E-B03768BB57F6} = {6A7A8A8E-178F-4A42-8DFC-8C5713B70A59}
		{E36E3F2A-4818-40C7-A5EA-24E8DC9D8AE9} = {6A7A8A8E-178F-4A42-8DFC-8C5713B70A59}
		{AA5CB32D-BBAA-4628-B100-04A64F7B2E0B} = {6A7A8A8E-178F-4A42-8DFC-8C5713B70A59}
		{2C900D55-82CD-493C-82EE-126C296CEB62} = {6A7A8A8E-178F-4A42-8DFC-8C5713B70A59}
		{3F9276C0-2C97-4E26-9B1A-63CEADF60A15} = {6A7A8A8E-178F-4A42-8DFC-8C5713B70A59}
		{AE5C37D6-E838-440C-90AE-33ED8AEDCCBB} = {6A7A8A8E-178F-4A42-8DFC-8C5713B70A59}
		{E9880465-42EA-4927-80B5-A506456896CB} = {6A7A8A8E-178F-4A42-8DFC-8C5713B70A59}
		{93845AD6-9D45-4E3B-9510-87EB435D724C} = {6A7A8A8E-178F-4A42-8DFC-8C5713B70A59}
		{D08B1F49-2AEB-4C34-9743-510016DF3E3C} = {E615D47D-C437-4CBE-ACB3-CB0076084465}
		{41626997-2D03-487B-A7CF-FF9D852663BC} = {E615D47D-C437-4CBE-ACB3-CB0076084465}
		{EEC73E9F-6074-4DA9-89A1-5652A245BE41} = {E615D47D-C437-4CBE-ACB3-CB0076084465}
		{0E44C09C-7958-4A02-824D-E799C815A3DB} = {E615D47D-C437-4CBE-ACB3-CB0076084465}
		{4C2F49BF-53F0-478F-9F6D-D2913387A280} = {E615D47D-C437-4CBE-ACB3-CB0076084465}
		{AA900606-4C32-4602-AEF0-72ED251E9AFA} = {E615D47D-C437-4CBE-ACB3-CB0076084465}
		{3F946747-066C-4615-AAF8-692C3A2A3926} = {E615D47D-C437-4CBE-ACB3-CB0076084465}
		{E2F5DC89-41E3-4E4D-946B-0D5FF1BC0215} = {C2E4FF45-D897-4CA8-A76D-126F74C326B0}
		{AAB90E92-EA76-4091-88DF-D5A3760577BD} = {C2E4FF45-D897-4CA8-A76D-126F74C326B0}
		{3C4C4EDC-8FD0-47C6-B654-D8A0A460C5F1} = {C2E4FF45-D897-4CA8-A76D-126F74C326B0}
		{27C7141E-84B8-4326-98B7-0AF29AFB102B} = {C2E4FF45-D897-4CA8-A76D-126F74C326B0}
		{C06D3C26-3B33-46B4-858A-811E347E12E0} = {C2E4FF45-D897-4CA8-A76D-126F74C326B0}
		{30F20E0D-FE45-4D19-9AF0-7E220BC09A79} = {C2E4FF45-D897-4CA8-A76D-126F74C326B0}
		{E320410A-D684-4278-8D12-2399FBBFB6C5} = {1CE1A4DB-CCEA-48B1-83AC-E4A6A5E61922}
		{1FB0CE8F-4C2C-4D3A-9706-15E970A46456} = {1CE1A4DB-CCEA-48B1-83AC-E4A6A5E61922}
		{31C2A563-BFFA-4FD5-826B-7CCE04FD7008} = {1CE1A4DB-CCEA-48B1-83AC-E4A6A5E61922}
		{A9633826-7CDA-43C9-A0BD-44563956838B} = {1CE1A4DB-CCEA-48B1-83AC-E4A6A5E61922}
		{ACFB05AF-83B2-4C91-B7D4-63A9AA6B15D3} = {1CE1A4DB-CCEA-48B1-83AC-E4A6A5E61922}
		{E15ED9BD-9CF1-4B5E-8C2A-4B87080E4A0B} = {1CE1A4DB-CCEA-48B1-83AC-E4A6A5E61922}
		{6E78DA5E-4B85-4521-BB45-3340827A9A35} = {86932F3D-71EC-4312-8CE3-E22E11838FF8}
		{021D0F78-6503-443C-8371-9C78B3003547} = {86932F3D-71EC-4312-8CE3-E22E11838FF8}
		{BDDD908E-0FAE-4BD9-A8F0-CC973CCA5054} = {86932F3D-71EC-4312-8CE3-E22E11838FF8}
		{F759BF6B-8FF7-4206-A1C0-CBEB2849F884} = {86932F3D-71EC-4312-8CE3-E22E11838FF8}
		{0B3ACFCC-02D3-483C-8DBE-913AD27C1766} = {86932F3D-71EC-4312-8CE3-E22E11838FF8}
		{EF7D5CEA-DB00-4AE7-A5AB-44E35CFBAA4C} = {86932F3D-71EC-4312-8CE3-E22E11838FF8}
		{85B8D8AD-8AFE-4E26-8E16-0C2409021543} = {A827699C-EAC4-46F9-90F8-B5DA6A66F034}
		{42F6BE67-58B4-469D-BF3A-4025858FCE58} = {A827699C-EAC4-46F9-90F8-B5DA6A66F034}
		{EA914AEF-E1DD-42B8-931F-AC0D7C1B890F} = {A827699C-EAC4-46F9-90F8-B5DA6A66F034}
		{2B50850B-BC25-4ED4-B230-4ACF4834B0FA} = {A827699C-EAC4-46F9-90F8-B5DA6A66F034}
		{F4807A0E-01C7-4428-8C62-7FE629BB8F44} = {A827699C-EAC4-46F9-90F8-B5DA6A66F034}
		{E425F3AE-98E9-4BFB-9843-E05748A17D7B} = {A827699C-EAC4-46F9-90F8-B5DA6A66F034}
		{93A0DA74-C09C-4056-81AF-B924A57F6F81} = {A827699C-EAC4-46F9-90F8-B5DA6A66F034}
		{363F8054-2C5E-4901-8A9D-5A44FB764E06} = {98E5A7F0-F294-474E-AD8B-C7CA83071234}
		{F79052B0-EAB7-4E07-8189-34C4A45A2953} = {0B087A71-CF23-4925-9773-91BCD73D618E}
	EndGlobalSection
	GlobalSection(ExtensibilityGlobals) = postSolution
		SolutionGuid = {9E022E7F-BC29-486E-9D48-FE9ED059E329}
	EndGlobalSection
EndGlobal
