
Microsoft Visual Studio Solution File, Format Version 12.00
# Visual Studio Version 17
VisualStudioVersion = 17.2.32526.322
MinimumVisualStudioVersion = 10.0.40219.1
Project("{FAE04EC0-301F-11D3-BF4B-00C04F79EFBC}") = "01.Train", "01.Train\01.Train.csproj", "{54861979-6BF2-435E-B0CD-E4916655C03D}"
EndProject
Project("{FAE04EC0-301F-11D3-BF4B-00C04F79EFBC}") = "02.CommonElements", "02.CommonElements\02.CommonElements.csproj", "{F20D4D05-BA11-4274-834F-1652852F698E}"
EndProject
Project("{FAE04EC0-301F-11D3-BF4B-00C04F79EFBC}") = "03.Zig-ZagArrays", "03.Zig-ZagArrays\03.Zig-ZagArrays.csproj", "{3345755D-BF74-4814-9ECD-ABD61DC9BC3F}"
EndProject
Project("{FAE04EC0-301F-11D3-BF4B-00C04F79EFBC}") = "04.ArrayRotation", "04.ArrayRotation\04.ArrayRotation.csproj", "{B278C6F7-7C41-42C5-A41E-6A86CC4CF209}"
EndProject
Project("{FAE04EC0-301F-11D3-BF4B-00C04F79EFBC}") = "5.TopIntegers", "5.TopIntegers\5.TopIntegers.csproj", "{D95BB5B6-C415-44D3-A8A7-228373BA50A5}"
EndProject
Global
	GlobalSection(SolutionConfigurationPlatforms) = preSolution
		Debug|Any CPU = Debug|Any CPU
		Release|Any CPU = Release|Any CPU
	EndGlobalSection
	GlobalSection(ProjectConfigurationPlatforms) = postSolution
		{54861979-6BF2-435E-B0CD-E4916655C03D}.Debug|Any CPU.ActiveCfg = Debug|Any CPU
		{54861979-6BF2-435E-B0CD-E4916655C03D}.Debug|Any CPU.Build.0 = Debug|Any CPU
		{54861979-6BF2-435E-B0CD-E4916655C03D}.Release|Any CPU.ActiveCfg = Release|Any CPU
		{54861979-6BF2-435E-B0CD-E4916655C03D}.Release|Any CPU.Build.0 = Release|Any CPU
		{F20D4D05-BA11-4274-834F-1652852F698E}.Debug|Any CPU.ActiveCfg = Debug|Any CPU
		{F20D4D05-BA11-4274-834F-1652852F698E}.Debug|Any CPU.Build.0 = Debug|Any CPU
		{F20D4D05-BA11-4274-834F-1652852F698E}.Release|Any CPU.ActiveCfg = Release|Any CPU
		{F20D4D05-BA11-4274-834F-1652852F698E}.Release|Any CPU.Build.0 = Release|Any CPU
		{3345755D-BF74-4814-9ECD-ABD61DC9BC3F}.Debug|Any CPU.ActiveCfg = Debug|Any CPU
		{3345755D-BF74-4814-9ECD-ABD61DC9BC3F}.Debug|Any CPU.Build.0 = Debug|Any CPU
		{3345755D-BF74-4814-9ECD-ABD61DC9BC3F}.Release|Any CPU.ActiveCfg = Release|Any CPU
		{3345755D-BF74-4814-9ECD-ABD61DC9BC3F}.Release|Any CPU.Build.0 = Release|Any CPU
		{B278C6F7-7C41-42C5-A41E-6A86CC4CF209}.Debug|Any CPU.ActiveCfg = Debug|Any CPU
		{B278C6F7-7C41-42C5-A41E-6A86CC4CF209}.Debug|Any CPU.Build.0 = Debug|Any CPU
		{B278C6F7-7C41-42C5-A41E-6A86CC4CF209}.Release|Any CPU.ActiveCfg = Release|Any CPU
		{B278C6F7-7C41-42C5-A41E-6A86CC4CF209}.Release|Any CPU.Build.0 = Release|Any CPU
		{D95BB5B6-C415-44D3-A8A7-228373BA50A5}.Debug|Any CPU.ActiveCfg = Debug|Any CPU
		{D95BB5B6-C415-44D3-A8A7-228373BA50A5}.Debug|Any CPU.Build.0 = Debug|Any CPU
		{D95BB5B6-C415-44D3-A8A7-228373BA50A5}.Release|Any CPU.ActiveCfg = Release|Any CPU
		{D95BB5B6-C415-44D3-A8A7-228373BA50A5}.Release|Any CPU.Build.0 = Release|Any CPU
	EndGlobalSection
	GlobalSection(SolutionProperties) = preSolution
		HideSolutionNode = FALSE
	EndGlobalSection
	GlobalSection(ExtensibilityGlobals) = postSolution
		SolutionGuid = {ECF7BB1F-11AC-477F-93D7-335A8261DB67}
	EndGlobalSection
EndGlobal
