
Microsoft Visual Studio Solution File, Format Version 12.00
# Visual Studio Version 17
VisualStudioVersion = 17.8.34525.116
MinimumVisualStudioVersion = 10.0.40219.1
Project("{FAE04EC0-301F-11D3-BF4B-00C04F79EFBC}") = "ForumApp", "ForumApp\ForumApp.csproj", "{77C84E57-589B-4469-B739-DC7931D65076}"
EndProject
Project("{FAE04EC0-301F-11D3-BF4B-00C04F79EFBC}") = "ForumApp.Infrastructure", "ForumApp.Infrastructure\ForumApp.Infrastructure.csproj", "{BCECA945-6F4C-4135-A450-29C31002813B}"
EndProject
Project("{FAE04EC0-301F-11D3-BF4B-00C04F79EFBC}") = "ForumApp.Core", "ForumApp.Core\ForumApp.Core.csproj", "{FEFD0D9B-0E76-48A2-9C79-1C67CC5EB705}"
EndProject
Global
	GlobalSection(SolutionConfigurationPlatforms) = preSolution
		Debug|Any CPU = Debug|Any CPU
		Release|Any CPU = Release|Any CPU
	EndGlobalSection
	GlobalSection(ProjectConfigurationPlatforms) = postSolution
		{77C84E57-589B-4469-B739-DC7931D65076}.Debug|Any CPU.ActiveCfg = Debug|Any CPU
		{77C84E57-589B-4469-B739-DC7931D65076}.Debug|Any CPU.Build.0 = Debug|Any CPU
		{77C84E57-589B-4469-B739-DC7931D65076}.Release|Any CPU.ActiveCfg = Release|Any CPU
		{77C84E57-589B-4469-B739-DC7931D65076}.Release|Any CPU.Build.0 = Release|Any CPU
		{BCECA945-6F4C-4135-A450-29C31002813B}.Debug|Any CPU.ActiveCfg = Debug|Any CPU
		{BCECA945-6F4C-4135-A450-29C31002813B}.Debug|Any CPU.Build.0 = Debug|Any CPU
		{BCECA945-6F4C-4135-A450-29C31002813B}.Release|Any CPU.ActiveCfg = Release|Any CPU
		{BCECA945-6F4C-4135-A450-29C31002813B}.Release|Any CPU.Build.0 = Release|Any CPU
		{FEFD0D9B-0E76-48A2-9C79-1C67CC5EB705}.Debug|Any CPU.ActiveCfg = Debug|Any CPU
		{FEFD0D9B-0E76-48A2-9C79-1C67CC5EB705}.Debug|Any CPU.Build.0 = Debug|Any CPU
		{FEFD0D9B-0E76-48A2-9C79-1C67CC5EB705}.Release|Any CPU.ActiveCfg = Release|Any CPU
		{FEFD0D9B-0E76-48A2-9C79-1C67CC5EB705}.Release|Any CPU.Build.0 = Release|Any CPU
	EndGlobalSection
	GlobalSection(SolutionProperties) = preSolution
		HideSolutionNode = FALSE
	EndGlobalSection
	GlobalSection(ExtensibilityGlobals) = postSolution
		SolutionGuid = {A44EA8CE-8FA9-4BF7-B41B-E3FC795CD0C4}
	EndGlobalSection
EndGlobal
