
Microsoft Visual Studio Solution File, Format Version 12.00
# Visual Studio Version 17
VisualStudioVersion = 17.2.32630.192
MinimumVisualStudioVersion = 10.0.40219.1
Project("{FAE04EC0-301F-11D3-BF4B-00C04F79EFBC}") = "Vehicles", "Vehicles\Vehicles.csproj", "{BD540DC2-BE25-4352-8DFF-BDDCA414AE64}"
EndProject
Project("{FAE04EC0-301F-11D3-BF4B-00C04F79EFBC}") = "Raiding", "Raiding\Raiding.csproj", "{53F212FB-803E-4079-8771-238AD2C0AEA7}"
EndProject
Project("{FAE04EC0-301F-11D3-BF4B-00C04F79EFBC}") = "WildFarm", "WildFarm\WildFarm.csproj", "{308F0E52-9DBF-4541-8188-51AB51454F06}"
EndProject
Global
	GlobalSection(SolutionConfigurationPlatforms) = preSolution
		Debug|Any CPU = Debug|Any CPU
		Release|Any CPU = Release|Any CPU
	EndGlobalSection
	GlobalSection(ProjectConfigurationPlatforms) = postSolution
		{BD540DC2-BE25-4352-8DFF-BDDCA414AE64}.Debug|Any CPU.ActiveCfg = Debug|Any CPU
		{BD540DC2-BE25-4352-8DFF-BDDCA414AE64}.Debug|Any CPU.Build.0 = Debug|Any CPU
		{BD540DC2-BE25-4352-8DFF-BDDCA414AE64}.Release|Any CPU.ActiveCfg = Release|Any CPU
		{BD540DC2-BE25-4352-8DFF-BDDCA414AE64}.Release|Any CPU.Build.0 = Release|Any CPU
		{53F212FB-803E-4079-8771-238AD2C0AEA7}.Debug|Any CPU.ActiveCfg = Debug|Any CPU
		{53F212FB-803E-4079-8771-238AD2C0AEA7}.Debug|Any CPU.Build.0 = Debug|Any CPU
		{53F212FB-803E-4079-8771-238AD2C0AEA7}.Release|Any CPU.ActiveCfg = Release|Any CPU
		{53F212FB-803E-4079-8771-238AD2C0AEA7}.Release|Any CPU.Build.0 = Release|Any CPU
		{308F0E52-9DBF-4541-8188-51AB51454F06}.Debug|Any CPU.ActiveCfg = Debug|Any CPU
		{308F0E52-9DBF-4541-8188-51AB51454F06}.Debug|Any CPU.Build.0 = Debug|Any CPU
		{308F0E52-9DBF-4541-8188-51AB51454F06}.Release|Any CPU.ActiveCfg = Release|Any CPU
		{308F0E52-9DBF-4541-8188-51AB51454F06}.Release|Any CPU.Build.0 = Release|Any CPU
	EndGlobalSection
	GlobalSection(SolutionProperties) = preSolution
		HideSolutionNode = FALSE
	EndGlobalSection
	GlobalSection(ExtensibilityGlobals) = postSolution
		SolutionGuid = {50809BBF-129E-4A4A-8676-9EE93994EA2F}
	EndGlobalSection
EndGlobal
