
Microsoft Visual Studio Solution File, Format Version 12.00
# Visual Studio Version 17
VisualStudioVersion = 17.2.32630.192
MinimumVisualStudioVersion = 10.0.40219.1
Project("{9A19103F-16F7-4668-BE54-9A1E7A4F7556}") = "ImplementingLinkedList", "ImplementingLinkedList\ImplementingLinkedList.csproj", "{38EBD86C-81AB-4ABC-8BD3-33774A0627C0}"
EndProject
Project("{FAE04EC0-301F-11D3-BF4B-00C04F79EFBC}") = "ImplementingList", "ImplementingList\ImplementingList.csproj", "{D835452E-64AD-44D6-9A45-9D22084C7E9C}"
EndProject
Project("{FAE04EC0-301F-11D3-BF4B-00C04F79EFBC}") = "ImplementingStack", "ImplementingStack\ImplementingStack.csproj", "{88506929-9731-4523-AADD-C64217BACFF0}"
EndProject
Project("{FAE04EC0-301F-11D3-BF4B-00C04F79EFBC}") = "ImplementingQueue", "ImplementingQueue\ImplementingQueue.csproj", "{0DF82D92-275B-429F-BD5B-5362BAC06E8C}"
EndProject
Global
	GlobalSection(SolutionConfigurationPlatforms) = preSolution
		Debug|Any CPU = Debug|Any CPU
		Release|Any CPU = Release|Any CPU
	EndGlobalSection
	GlobalSection(ProjectConfigurationPlatforms) = postSolution
		{38EBD86C-81AB-4ABC-8BD3-33774A0627C0}.Debug|Any CPU.ActiveCfg = Debug|Any CPU
		{38EBD86C-81AB-4ABC-8BD3-33774A0627C0}.Debug|Any CPU.Build.0 = Debug|Any CPU
		{38EBD86C-81AB-4ABC-8BD3-33774A0627C0}.Release|Any CPU.ActiveCfg = Release|Any CPU
		{38EBD86C-81AB-4ABC-8BD3-33774A0627C0}.Release|Any CPU.Build.0 = Release|Any CPU
		{D835452E-64AD-44D6-9A45-9D22084C7E9C}.Debug|Any CPU.ActiveCfg = Debug|Any CPU
		{D835452E-64AD-44D6-9A45-9D22084C7E9C}.Debug|Any CPU.Build.0 = Debug|Any CPU
		{D835452E-64AD-44D6-9A45-9D22084C7E9C}.Release|Any CPU.ActiveCfg = Release|Any CPU
		{D835452E-64AD-44D6-9A45-9D22084C7E9C}.Release|Any CPU.Build.0 = Release|Any CPU
		{88506929-9731-4523-AADD-C64217BACFF0}.Debug|Any CPU.ActiveCfg = Debug|Any CPU
		{88506929-9731-4523-AADD-C64217BACFF0}.Debug|Any CPU.Build.0 = Debug|Any CPU
		{88506929-9731-4523-AADD-C64217BACFF0}.Release|Any CPU.ActiveCfg = Release|Any CPU
		{88506929-9731-4523-AADD-C64217BACFF0}.Release|Any CPU.Build.0 = Release|Any CPU
		{0DF82D92-275B-429F-BD5B-5362BAC06E8C}.Debug|Any CPU.ActiveCfg = Debug|Any CPU
		{0DF82D92-275B-429F-BD5B-5362BAC06E8C}.Debug|Any CPU.Build.0 = Debug|Any CPU
		{0DF82D92-275B-429F-BD5B-5362BAC06E8C}.Release|Any CPU.ActiveCfg = Release|Any CPU
		{0DF82D92-275B-429F-BD5B-5362BAC06E8C}.Release|Any CPU.Build.0 = Release|Any CPU
	EndGlobalSection
	GlobalSection(SolutionProperties) = preSolution
		HideSolutionNode = FALSE
	EndGlobalSection
	GlobalSection(ExtensibilityGlobals) = postSolution
		SolutionGuid = {BB227865-A1C2-40E1-8BA3-32CA24204C29}
	EndGlobalSection
EndGlobal
