
Microsoft Visual Studio Solution File, Format Version 12.00
# Visual Studio Version 17
VisualStudioVersion = 17.5.33414.496
MinimumVisualStudioVersion = 10.0.40219.1
Project("{FAE04EC0-301F-11D3-BF4B-00C04F79EFBC}") = "P01_HospitalDatabase", "P01_HospitalDatabase\P01_HospitalDatabase.csproj", "{1719BDFF-7779-49A9-A1A9-F8E64D0485B0}"
EndProject
Global
	GlobalSection(SolutionConfigurationPlatforms) = preSolution
		Debug|Any CPU = Debug|Any CPU
		Release|Any CPU = Release|Any CPU
	EndGlobalSection
	GlobalSection(ProjectConfigurationPlatforms) = postSolution
		{1719BDFF-7779-49A9-A1A9-F8E64D0485B0}.Debug|Any CPU.ActiveCfg = Debug|Any CPU
		{1719BDFF-7779-49A9-A1A9-F8E64D0485B0}.Debug|Any CPU.Build.0 = Debug|Any CPU
		{1719BDFF-7779-49A9-A1A9-F8E64D0485B0}.Release|Any CPU.ActiveCfg = Release|Any CPU
		{1719BDFF-7779-49A9-A1A9-F8E64D0485B0}.Release|Any CPU.Build.0 = Release|Any CPU
	EndGlobalSection
	GlobalSection(SolutionProperties) = preSolution
		HideSolutionNode = FALSE
	EndGlobalSection
	GlobalSection(ExtensibilityGlobals) = postSolution
		SolutionGuid = {5C7E0590-105C-4F19-B1A5-C6214639F3B4}
	EndGlobalSection
EndGlobal
