
Microsoft Visual Studio Solution File, Format Version 12.00
# Visual Studio Version 17
VisualStudioVersion = 17.4.33110.190
MinimumVisualStudioVersion = 10.0.40219.1
Project("{9A19103F-16F7-4668-BE54-9A1E7A4F7556}") = "Stealer", "Stealer\Stealer.csproj", "{755EADBA-1B6D-4F9C-AE7B-2D7A87ACB00F}"
EndProject
Project("{FAE04EC0-301F-11D3-BF4B-00C04F79EFBC}") = "AuthorProblem", "AuthorProblem\AuthorProblem.csproj", "{0C23B443-A94D-415B-B475-91B42A21A5F2}"
EndProject
Global
	GlobalSection(SolutionConfigurationPlatforms) = preSolution
		Debug|Any CPU = Debug|Any CPU
		Release|Any CPU = Release|Any CPU
	EndGlobalSection
	GlobalSection(ProjectConfigurationPlatforms) = postSolution
		{755EADBA-1B6D-4F9C-AE7B-2D7A87ACB00F}.Debug|Any CPU.ActiveCfg = Debug|Any CPU
		{755EADBA-1B6D-4F9C-AE7B-2D7A87ACB00F}.Debug|Any CPU.Build.0 = Debug|Any CPU
		{755EADBA-1B6D-4F9C-AE7B-2D7A87ACB00F}.Release|Any CPU.ActiveCfg = Release|Any CPU
		{755EADBA-1B6D-4F9C-AE7B-2D7A87ACB00F}.Release|Any CPU.Build.0 = Release|Any CPU
		{0C23B443-A94D-415B-B475-91B42A21A5F2}.Debug|Any CPU.ActiveCfg = Debug|Any CPU
		{0C23B443-A94D-415B-B475-91B42A21A5F2}.Debug|Any CPU.Build.0 = Debug|Any CPU
		{0C23B443-A94D-415B-B475-91B42A21A5F2}.Release|Any CPU.ActiveCfg = Release|Any CPU
		{0C23B443-A94D-415B-B475-91B42A21A5F2}.Release|Any CPU.Build.0 = Release|Any CPU
	EndGlobalSection
	GlobalSection(SolutionProperties) = preSolution
		HideSolutionNode = FALSE
	EndGlobalSection
	GlobalSection(ExtensibilityGlobals) = postSolution
		SolutionGuid = {89C77CA6-3ED1-4042-BD30-6BD8D712939B}
	EndGlobalSection
EndGlobal
