
Microsoft Visual Studio Solution File, Format Version 12.00
# Visual Studio Version 17
VisualStudioVersion = 17.8.34525.116
MinimumVisualStudioVersion = 10.0.40219.1
Project("{FAE04EC0-301F-11D3-BF4B-00C04F79EFBC}") = "TextSplitter", "TextSplitter.csproj", "{241C8B6A-B72A-4162-AF72-D5CAD1FBA714}"
EndProject
Global
	GlobalSection(SolutionConfigurationPlatforms) = preSolution
		Debug|Any CPU = Debug|Any CPU
		Release|Any CPU = Release|Any CPU
	EndGlobalSection
	GlobalSection(ProjectConfigurationPlatforms) = postSolution
		{241C8B6A-B72A-4162-AF72-D5CAD1FBA714}.Debug|Any CPU.ActiveCfg = Debug|Any CPU
		{241C8B6A-B72A-4162-AF72-D5CAD1FBA714}.Debug|Any CPU.Build.0 = Debug|Any CPU
		{241C8B6A-B72A-4162-AF72-D5CAD1FBA714}.Release|Any CPU.ActiveCfg = Release|Any CPU
		{241C8B6A-B72A-4162-AF72-D5CAD1FBA714}.Release|Any CPU.Build.0 = Release|Any CPU
	EndGlobalSection
	GlobalSection(SolutionProperties) = preSolution
		HideSolutionNode = FALSE
	EndGlobalSection
	GlobalSection(ExtensibilityGlobals) = postSolution
		SolutionGuid = {38C6FBCA-16DB-478C-BDED-FF18EA97EFCF}
	EndGlobalSection
EndGlobal
