
Microsoft Visual Studio Solution File, Format Version 12.00
# Visual Studio Version 17
VisualStudioVersion = 17.2.32630.192
MinimumVisualStudioVersion = 10.0.40219.1
Project("{9A19103F-16F7-4668-BE54-9A1E7A4F7556}") = "01.ExtractPersonInformation", "01.ExtractPersonInformation\01.ExtractPersonInformation.csproj", "{1ECA8537-86D1-4F57-912C-DB5BC078992C}"
EndProject
Project("{FAE04EC0-301F-11D3-BF4B-00C04F79EFBC}") = "02.AsciiSumator", "02.AsciiSumator\02.AsciiSumator.csproj", "{D33E069E-5897-48E2-964D-897C54C8B788}"
EndProject
Project("{FAE04EC0-301F-11D3-BF4B-00C04F79EFBC}") = "03.TreasureFinder", "03.TreasureFinder\03.TreasureFinder.csproj", "{4AD6E0FF-7BFB-447A-9ADC-B0FB6C98E2EE}"
EndProject
Project("{FAE04EC0-301F-11D3-BF4B-00C04F79EFBC}") = "04.MorseCodeTranslator", "04.MorseCodeTranslator\04.MorseCodeTranslator.csproj", "{4F5811F8-0FF9-4331-87E4-E4B7955F2DC4}"
EndProject
Project("{FAE04EC0-301F-11D3-BF4B-00C04F79EFBC}") = "05.HTML", "05.HTML\05.HTML.csproj", "{0CD1DA4D-F206-4B07-A8F8-6F2FCCBA2DBB}"
EndProject
Global
	GlobalSection(SolutionConfigurationPlatforms) = preSolution
		Debug|Any CPU = Debug|Any CPU
		Release|Any CPU = Release|Any CPU
	EndGlobalSection
	GlobalSection(ProjectConfigurationPlatforms) = postSolution
		{1ECA8537-86D1-4F57-912C-DB5BC078992C}.Debug|Any CPU.ActiveCfg = Debug|Any CPU
		{1ECA8537-86D1-4F57-912C-DB5BC078992C}.Debug|Any CPU.Build.0 = Debug|Any CPU
		{1ECA8537-86D1-4F57-912C-DB5BC078992C}.Release|Any CPU.ActiveCfg = Release|Any CPU
		{1ECA8537-86D1-4F57-912C-DB5BC078992C}.Release|Any CPU.Build.0 = Release|Any CPU
		{D33E069E-5897-48E2-964D-897C54C8B788}.Debug|Any CPU.ActiveCfg = Debug|Any CPU
		{D33E069E-5897-48E2-964D-897C54C8B788}.Debug|Any CPU.Build.0 = Debug|Any CPU
		{D33E069E-5897-48E2-964D-897C54C8B788}.Release|Any CPU.ActiveCfg = Release|Any CPU
		{D33E069E-5897-48E2-964D-897C54C8B788}.Release|Any CPU.Build.0 = Release|Any CPU
		{4AD6E0FF-7BFB-447A-9ADC-B0FB6C98E2EE}.Debug|Any CPU.ActiveCfg = Debug|Any CPU
		{4AD6E0FF-7BFB-447A-9ADC-B0FB6C98E2EE}.Debug|Any CPU.Build.0 = Debug|Any CPU
		{4AD6E0FF-7BFB-447A-9ADC-B0FB6C98E2EE}.Release|Any CPU.ActiveCfg = Release|Any CPU
		{4AD6E0FF-7BFB-447A-9ADC-B0FB6C98E2EE}.Release|Any CPU.Build.0 = Release|Any CPU
		{4F5811F8-0FF9-4331-87E4-E4B7955F2DC4}.Debug|Any CPU.ActiveCfg = Debug|Any CPU
		{4F5811F8-0FF9-4331-87E4-E4B7955F2DC4}.Debug|Any CPU.Build.0 = Debug|Any CPU
		{4F5811F8-0FF9-4331-87E4-E4B7955F2DC4}.Release|Any CPU.ActiveCfg = Release|Any CPU
		{4F5811F8-0FF9-4331-87E4-E4B7955F2DC4}.Release|Any CPU.Build.0 = Release|Any CPU
		{0CD1DA4D-F206-4B07-A8F8-6F2FCCBA2DBB}.Debug|Any CPU.ActiveCfg = Debug|Any CPU
		{0CD1DA4D-F206-4B07-A8F8-6F2FCCBA2DBB}.Debug|Any CPU.Build.0 = Debug|Any CPU
		{0CD1DA4D-F206-4B07-A8F8-6F2FCCBA2DBB}.Release|Any CPU.ActiveCfg = Release|Any CPU
		{0CD1DA4D-F206-4B07-A8F8-6F2FCCBA2DBB}.Release|Any CPU.Build.0 = Release|Any CPU
	EndGlobalSection
	GlobalSection(SolutionProperties) = preSolution
		HideSolutionNode = FALSE
	EndGlobalSection
	GlobalSection(ExtensibilityGlobals) = postSolution
		SolutionGuid = {4B071C70-D7E1-4580-A24D-FB048F87C8F2}
	EndGlobalSection
EndGlobal
